// !$*UTF8*$!
{
	archiveVersion = 1;
	classes = {
	};
	objectVersion = 46;
	objects = {

/* Begin PBXBuildFile section */
		72318A071EE7B8AD00B676C3 /* main.mm in Sources */ = {isa = PBXBuildFile; fileRef = 72318A061EE7B8AD00B676C3 /* main.mm */; };
		72318A0F1EE7B8B700B676C3 /* OpenGL.framework in Frameworks */ = {isa = PBXBuildFile; fileRef = 72318A0E1EE7B8B700B676C3 /* OpenGL.framework */; };
		72318A111EE7B8BA00B676C3 /* GLUT.framework in Frameworks */ = {isa = PBXBuildFile; fileRef = 72318A101EE7B8BA00B676C3 /* GLUT.framework */; };
/* End PBXBuildFile section */

/* Begin PBXCopyFilesBuildPhase section */
		72318A011EE7B8AD00B676C3 /* CopyFiles */ = {
			isa = PBXCopyFilesBuildPhase;
			buildActionMask = 2147483647;
			dstPath = /usr/share/man/man1/;
			dstSubfolderSpec = 0;
			files = (
			);
			runOnlyForDeploymentPostprocessing = 1;
		};
/* End PBXCopyFilesBuildPhase section */

/* Begin PBXFileReference section */
		72318A031EE7B8AD00B676C3 /* Chapter9Example2 */ = {isa = PBXFileReference; explicitFileType = "compiled.mach-o.executable"; includeInIndex = 0; path = Chapter9Example2; sourceTree = BUILT_PRODUCTS_DIR; };
		72318A061EE7B8AD00B676C3 /* main.mm */ = {isa = PBXFileReference; lastKnownFileType = sourcecode.cpp.objcpp; path = main.mm; sourceTree = "<group>"; };
		72318A0E1EE7B8B700B676C3 /* OpenGL.framework */ = {isa = PBXFileReference; lastKnownFileType = wrapper.framework; name = OpenGL.framework; path = System/Library/Frameworks/OpenGL.framework; sourceTree = SDKROOT; };
		72318A101EE7B8BA00B676C3 /* GLUT.framework */ = {isa = PBXFileReference; lastKnownFileType = wrapper.framework; name = GLUT.framework; path = System/Library/Frameworks/GLUT.framework; sourceTree = SDKROOT; };
/* End PBXFileReference section */

/* Begin PBXFrameworksBuildPhase section */
		72318A001EE7B8AD00B676C3 /* Frameworks */ = {
			isa = PBXFrameworksBuildPhase;
			buildActionMask = 2147483647;
			files = (
				72318A111EE7B8BA00B676C3 /* GLUT.framework in Frameworks */,
				72318A0F1EE7B8B700B676C3 /* OpenGL.framework in Frameworks */,
			);
			runOnlyForDeploymentPostprocessing = 0;
		};
/* End PBXFrameworksBuildPhase section */

/* Begin PBXGroup section */
		723189FA1EE7B8AD00B676C3 = {
			isa = PBXGroup;
			children = (
				72318A051EE7B8AD00B676C3 /* Chapter9Example2 */,
				72318A041EE7B8AD00B676C3 /* Products */,
				72318A0D1EE7B8B700B676C3 /* Frameworks */,
			);
			sourceTree = "<group>";
		};
		72318A041EE7B8AD00B676C3 /* Products */ = {
			isa = PBXGroup;
			children = (
				72318A031EE7B8AD00B676C3 /* Chapter9Example2 */,
			);
			name = Products;
			sourceTree = "<group>";
		};
		72318A051EE7B8AD00B676C3 /* Chapter9Example2 */ = {
			isa = PBXGroup;
			children = (
				72318A061EE7B8AD00B676C3 /* main.mm */,
			);
			path = Chapter9Example2;
			sourceTree = "<group>";
		};
		72318A0D1EE7B8B700B676C3 /* Frameworks */ = {
			isa = PBXGroup;
			children = (
				72318A101EE7B8BA00B676C3 /* GLUT.framework */,
				72318A0E1EE7B8B700B676C3 /* OpenGL.framework */,
			);
			name = Frameworks;
			sourceTree = "<group>";
		};
/* End PBXGroup section */

/* Begin PBXNativeTarget section */
		72318A021EE7B8AD00B676C3 /* Chapter9Example2 */ = {
			isa = PBXNativeTarget;
			buildConfigurationList = 72318A0A1EE7B8AD00B676C3 /* Build configuration list for PBXNativeTarget "Chapter9Example2" */;
			buildPhases = (
				723189FF1EE7B8AD00B676C3 /* Sources */,
				72318A001EE7B8AD00B676C3 /* Frameworks */,
				72318A011EE7B8AD00B676C3 /* CopyFiles */,
			);
			buildRules = (
			);
			dependencies = (
			);
			name = Chapter9Example2;
			productName = Chapter9Example2;
			productReference = 72318A031EE7B8AD00B676C3 /* Chapter9Example2 */;
			productType = "com.apple.product-type.tool";
		};
/* End PBXNativeTarget section */

/* Begin PBXProject section */
		723189FB1EE7B8AD00B676C3 /* Project object */ = {
			isa = PBXProject;
			attributes = {
				LastUpgradeCheck = 0830;
				ORGANIZATIONNAME = "张琳琪";
				TargetAttributes = {
					72318A021EE7B8AD00B676C3 = {
						CreatedOnToolsVersion = 8.3.2;
						ProvisioningStyle = Automatic;
					};
				};
			};
			buildConfigurationList = 723189FE1EE7B8AD00B676C3 /* Build configuration list for PBXProject "Chapter9Example2" */;
			compatibilityVersion = "Xcode 3.2";
			developmentRegion = English;
			hasScannedForEncodings = 0;
			knownRegions = (
				en,
			);
			mainGroup = 723189FA1EE7B8AD00B676C3;
			productRefGroup = 72318A041EE7B8AD00B676C3 /* Products */;
			projectDirPath = "";
			projectRoot = "";
			targets = (
				72318A021EE7B8AD00B676C3 /* Chapter9Example2 */,
			);
		};
/* End PBXProject section */

/* Begin PBXSourcesBuildPhase section */
		723189FF1EE7B8AD00B676C3 /* Sources */ = {
			isa = PBXSourcesBuildPhase;
			buildActionMask = 2147483647;
			files = (
				72318A071EE7B8AD00B676C3 /* main.mm in Sources */,
			);
			runOnlyForDeploymentPostprocessing = 0;
		};
/* End PBXSourcesBuildPhase section */

/* Begin XCBuildConfiguration section */
		72318A081EE7B8AD00B676C3 /* Debug */ = {
			isa = XCBuildConfiguration;
			buildSettings = {
				ALWAYS_SEARCH_USER_PATHS = NO;
				CLANG_ANALYZER_NONNULL = YES;
				CLANG_ANALYZER_NUMBER_OBJECT_CONVERSION = YES_AGGRESSIVE;
				CLANG_CXX_LANGUAGE_STANDARD = "gnu++0x";
				CLANG_CXX_LIBRARY = "libc++";
				CLANG_ENABLE_MODULES = YES;
				CLANG_ENABLE_OBJC_ARC = YES;
				CLANG_WARN_BOOL_CONVERSION = YES;
				CLANG_WARN_CONSTANT_CONVERSION = YES;
				CLANG_WARN_DIRECT_OBJC_ISA_USAGE = YES_ERROR;
				CLANG_WARN_DOCUMENTATION_COMMENTS = YES;
				CLANG_WARN_EMPTY_BODY = YES;
				CLANG_WARN_ENUM_CONVERSION = YES;
				CLANG_WARN_INFINITE_RECURSION = YES;
				CLANG_WARN_INT_CONVERSION = YES;
				CLANG_WARN_OBJC_ROOT_CLASS = YES_ERROR;
				CLANG_WARN_SUSPICIOUS_MOVE = YES;
				CLANG_WARN_UNREACHABLE_CODE = YES;
				CLANG_WARN__DUPLICATE_METHOD_MATCH = YES;
				CODE_SIGN_IDENTITY = "-";
				COPY_PHASE_STRIP = NO;
				DEBUG_INFORMATION_FORMAT = dwarf;
				ENABLE_STRICT_OBJC_MSGSEND = YES;
				ENABLE_TESTABILITY = YES;
				GCC_C_LANGUAGE_STANDARD = gnu99;
				GCC_DYNAMIC_NO_PIC = NO;
				GCC_NO_COMMON_BLOCKS = YES;
				GCC_OPTIMIZATION_LEVEL = 0;
				GCC_PREPROCESSOR_DEFINITIONS = (
					"DEBUG=1",
					"$(inherited)",
				);
				GCC_WARN_64_TO_32_BIT_CONVERSION = YES;
				GCC_WARN_ABOUT_RETURN_TYPE = YES_ERROR;
				GCC_WARN_UNDECLARED_SELECTOR = YES;
				GCC_WARN_UNINITIALIZED_AUTOS = YES_AGGRESSIVE;
				GCC_WARN_UNUSED_FUNCTION = YES;
				GCC_WARN_UNUSED_VARIABLE = YES;
				MACOSX_DEPLOYMENT_TARGET = 10.12;
				MTL_ENABLE_DEBUG_INFO = YES;
				ONLY_ACTIVE_ARCH = YES;
				SDKROOT = macosx;
			};
			name = Debug;
		};
		72318A091EE7B8AD00B676C3 /* Release */ = {
			isa = XCBuildConfiguration;
			buildSettings = {
				ALWAYS_SEARCH_USER_PATHS = NO;
				CLANG_ANALYZER_NONNULL = YES;
				CLANG_ANALYZER_NUMBER_OBJECT_CONVERSION = YES_AGGRESSIVE;
				CLANG_CXX_LANGUAGE_STANDARD = "gnu++0x";
				CLANG_CXX_LIBRARY = "libc++";
				CLANG_ENABLE_MODULES = YES;
				CLANG_ENABLE_OBJC_ARC = YES;
				CLANG_WARN_BOOL_CONVERSION = YES;
				CLANG_WARN_CONSTANT_CONVERSION = YES;
				CLANG_WARN_DIRECT_OBJC_ISA_USAGE = YES_ERROR;
				CLANG_WARN_DOCUMENTATION_COMMENTS = YES;
				CLANG_WARN_EMPTY_BODY = YES;
				CLANG_WARN_ENUM_CONVERSION = YES;
				CLANG_WARN_INFINITE_RECURSION = YES;
				CLANG_WARN_INT_CONVERSION = YES;
				CLANG_WARN_OBJC_ROOT_CLASS = YES_ERROR;
				CLANG_WARN_SUSPICIOUS_MOVE = YES;
				CLANG_WARN_UNREACHABLE_CODE = YES;
				CLANG_WARN__DUPLICATE_METHOD_MATCH = YES;
				CODE_SIGN_IDENTITY = "-";
				COPY_PHASE_STRIP = NO;
				DEBUG_INFORMATION_FORMAT = "dwarf-with-dsym";
				ENABLE_NS_ASSERTIONS = NO;
				ENABLE_STRICT_OBJC_MSGSEND = YES;
				GCC_C_LANGUAGE_STANDARD = gnu99;
				GCC_NO_COMMON_BLOCKS = YES;
				GCC_WARN_64_TO_32_BIT_CONVERSION = YES;
				GCC_WARN_ABOUT_RETURN_TYPE = YES_ERROR;
				GCC_WARN_UNDECLARED_SELECTOR = YES;
				GCC_WARN_UNINITIALIZED_AUTOS = YES_AGGRESSIVE;
				GCC_WARN_UNUSED_FUNCTION = YES;
				GCC_WARN_UNUSED_VARIABLE = YES;
				MACOSX_DEPLOYMENT_TARGET = 10.12;
				MTL_ENABLE_DEBUG_INFO = NO;
				SDKROOT = macosx;
			};
			name = Release;
		};
		72318A0B1EE7B8AD00B676C3 /* Debug */ = {
			isa = XCBuildConfiguration;
			buildSettings = {
				MACOSX_DEPLOYMENT_TARGET = 10.8;
				PRODUCT_NAME = "$(TARGET_NAME)";
			};
			name = Debug;
		};
		72318A0C1EE7B8AD00B676C3 /* Release */ = {
			isa = XCBuildConfiguration;
			buildSettings = {
				MACOSX_DEPLOYMENT_TARGET = 10.8;
				PRODUCT_NAME = "$(TARGET_NAME)";
			};
			name = Release;
		};
/* End XCBuildConfiguration section */

/* Begin XCConfigurationList section */
		723189FE1EE7B8AD00B676C3 /* Build configuration list for PBXProject "Chapter9Example2" */ = {
			isa = XCConfigurationList;
			buildConfigurations = (
				72318A081EE7B8AD00B676C3 /* Debug */,
				72318A091EE7B8AD00B676C3 /* Release */,
			);
			defaultConfigurationIsVisible = 0;
			defaultConfigurationName = Release;
		};
		72318A0A1EE7B8AD00B676C3 /* Build configuration list for PBXNativeTarget "Chapter9Example2" */ = {
			isa = XCConfigurationList;
			buildConfigurations = (
				72318A0B1EE7B8AD00B676C3 /* Debug */,
				72318A0C1EE7B8AD00B676C3 /* Release */,
			);
			defaultConfigurationIsVisible = 0;
		};
/* End XCConfigurationList section */
	};
	rootObject = 723189FB1EE7B8AD00B676C3 /* Project object */;
}
