// !$*UTF8*$!
{
	archiveVersion = 1;
	classes = {
	};
	objectVersion = 46;
	objects = {

/* Begin PBXBuildFile section */
		72922DED1EF24DF7006A489D /* main.mm in Sources */ = {isa = PBXBuildFile; fileRef = 72922DEC1EF24DF7006A489D /* main.mm */; };
		72922DF51EF24DFF006A489D /* OpenGL.framework in Frameworks */ = {isa = PBXBuildFile; fileRef = 72922DF41EF24DFF006A489D /* OpenGL.framework */; };
		72922DF71EF24E02006A489D /* GLUT.framework in Frameworks */ = {isa = PBXBuildFile; fileRef = 72922DF61EF24E02006A489D /* GLUT.framework */; };
/* End PBXBuildFile section */

/* Begin PBXCopyFilesBuildPhase section */
		72922DE71EF24DF7006A489D /* CopyFiles */ = {
			isa = PBXCopyFilesBuildPhase;
			buildActionMask = 2147483647;
			dstPath = /usr/share/man/man1/;
			dstSubfolderSpec = 0;
			files = (
			);
			runOnlyForDeploymentPostprocessing = 1;
		};
/* End PBXCopyFilesBuildPhase section */

/* Begin PBXFileReference section */
		72922DE91EF24DF7006A489D /* Chapter13Example2 */ = {isa = PBXFileReference; explicitFileType = "compiled.mach-o.executable"; includeInIndex = 0; path = Chapter13Example2; sourceTree = BUILT_PRODUCTS_DIR; };
		72922DEC1EF24DF7006A489D /* main.mm */ = {isa = PBXFileReference; lastKnownFileType = sourcecode.cpp.objcpp; path = main.mm; sourceTree = "<group>"; };
		72922DF41EF24DFF006A489D /* OpenGL.framework */ = {isa = PBXFileReference; lastKnownFileType = wrapper.framework; name = OpenGL.framework; path = System/Library/Frameworks/OpenGL.framework; sourceTree = SDKROOT; };
		72922DF61EF24E02006A489D /* GLUT.framework */ = {isa = PBXFileReference; lastKnownFileType = wrapper.framework; name = GLUT.framework; path = System/Library/Frameworks/GLUT.framework; sourceTree = SDKROOT; };
/* End PBXFileReference section */

/* Begin PBXFrameworksBuildPhase section */
		72922DE61EF24DF7006A489D /* Frameworks */ = {
			isa = PBXFrameworksBuildPhase;
			buildActionMask = 2147483647;
			files = (
				72922DF71EF24E02006A489D /* GLUT.framework in Frameworks */,
				72922DF51EF24DFF006A489D /* OpenGL.framework in Frameworks */,
			);
			runOnlyForDeploymentPostprocessing = 0;
		};
/* End PBXFrameworksBuildPhase section */

/* Begin PBXGroup section */
		72922DE01EF24DF7006A489D = {
			isa = PBXGroup;
			children = (
				72922DEB1EF24DF7006A489D /* Chapter13Example2 */,
				72922DEA1EF24DF7006A489D /* Products */,
				72922DF31EF24DFF006A489D /* Frameworks */,
			);
			sourceTree = "<group>";
		};
		72922DEA1EF24DF7006A489D /* Products */ = {
			isa = PBXGroup;
			children = (
				72922DE91EF24DF7006A489D /* Chapter13Example2 */,
			);
			name = Products;
			sourceTree = "<group>";
		};
		72922DEB1EF24DF7006A489D /* Chapter13Example2 */ = {
			isa = PBXGroup;
			children = (
				72922DEC1EF24DF7006A489D /* main.mm */,
			);
			path = Chapter13Example2;
			sourceTree = "<group>";
		};
		72922DF31EF24DFF006A489D /* Frameworks */ = {
			isa = PBXGroup;
			children = (
				72922DF61EF24E02006A489D /* GLUT.framework */,
				72922DF41EF24DFF006A489D /* OpenGL.framework */,
			);
			name = Frameworks;
			sourceTree = "<group>";
		};
/* End PBXGroup section */

/* Begin PBXNativeTarget section */
		72922DE81EF24DF7006A489D /* Chapter13Example2 */ = {
			isa = PBXNativeTarget;
			buildConfigurationList = 72922DF01EF24DF7006A489D /* Build configuration list for PBXNativeTarget "Chapter13Example2" */;
			buildPhases = (
				72922DE51EF24DF7006A489D /* Sources */,
				72922DE61EF24DF7006A489D /* Frameworks */,
				72922DE71EF24DF7006A489D /* CopyFiles */,
			);
			buildRules = (
			);
			dependencies = (
			);
			name = Chapter13Example2;
			productName = Chapter13Example2;
			productReference = 72922DE91EF24DF7006A489D /* Chapter13Example2 */;
			productType = "com.apple.product-type.tool";
		};
/* End PBXNativeTarget section */

/* Begin PBXProject section */
		72922DE11EF24DF7006A489D /* Project object */ = {
			isa = PBXProject;
			attributes = {
				LastUpgradeCheck = 0830;
				ORGANIZATIONNAME = "张琳琪";
				TargetAttributes = {
					72922DE81EF24DF7006A489D = {
						CreatedOnToolsVersion = 8.3.2;
						ProvisioningStyle = Automatic;
					};
				};
			};
			buildConfigurationList = 72922DE41EF24DF7006A489D /* Build configuration list for PBXProject "Chapter13Example2" */;
			compatibilityVersion = "Xcode 3.2";
			developmentRegion = English;
			hasScannedForEncodings = 0;
			knownRegions = (
				en,
			);
			mainGroup = 72922DE01EF24DF7006A489D;
			productRefGroup = 72922DEA1EF24DF7006A489D /* Products */;
			projectDirPath = "";
			projectRoot = "";
			targets = (
				72922DE81EF24DF7006A489D /* Chapter13Example2 */,
			);
		};
/* End PBXProject section */

/* Begin PBXSourcesBuildPhase section */
		72922DE51EF24DF7006A489D /* Sources */ = {
			isa = PBXSourcesBuildPhase;
			buildActionMask = 2147483647;
			files = (
				72922DED1EF24DF7006A489D /* main.mm in Sources */,
			);
			runOnlyForDeploymentPostprocessing = 0;
		};
/* End PBXSourcesBuildPhase section */

/* Begin XCBuildConfiguration section */
		72922DEE1EF24DF7006A489D /* Debug */ = {
			isa = XCBuildConfiguration;
			buildSettings = {
				ALWAYS_SEARCH_USER_PATHS = NO;
				CLANG_ANALYZER_NONNULL = YES;
				CLANG_ANALYZER_NUMBER_OBJECT_CONVERSION = YES_AGGRESSIVE;
				CLANG_CXX_LANGUAGE_STANDARD = "gnu++0x";
				CLANG_CXX_LIBRARY = "libc++";
				CLANG_ENABLE_MODULES = YES;
				CLANG_ENABLE_OBJC_ARC = YES;
				CLANG_WARN_BOOL_CONVERSION = YES;
				CLANG_WARN_CONSTANT_CONVERSION = YES;
				CLANG_WARN_DIRECT_OBJC_ISA_USAGE = YES_ERROR;
				CLANG_WARN_DOCUMENTATION_COMMENTS = YES;
				CLANG_WARN_EMPTY_BODY = YES;
				CLANG_WARN_ENUM_CONVERSION = YES;
				CLANG_WARN_INFINITE_RECURSION = YES;
				CLANG_WARN_INT_CONVERSION = YES;
				CLANG_WARN_OBJC_ROOT_CLASS = YES_ERROR;
				CLANG_WARN_SUSPICIOUS_MOVE = YES;
				CLANG_WARN_UNREACHABLE_CODE = YES;
				CLANG_WARN__DUPLICATE_METHOD_MATCH = YES;
				CODE_SIGN_IDENTITY = "-";
				COPY_PHASE_STRIP = NO;
				DEBUG_INFORMATION_FORMAT = dwarf;
				ENABLE_STRICT_OBJC_MSGSEND = YES;
				ENABLE_TESTABILITY = YES;
				GCC_C_LANGUAGE_STANDARD = gnu99;
				GCC_DYNAMIC_NO_PIC = NO;
				GCC_NO_COMMON_BLOCKS = YES;
				GCC_OPTIMIZATION_LEVEL = 0;
				GCC_PREPROCESSOR_DEFINITIONS = (
					"DEBUG=1",
					"$(inherited)",
				);
				GCC_WARN_64_TO_32_BIT_CONVERSION = YES;
				GCC_WARN_ABOUT_RETURN_TYPE = YES_ERROR;
				GCC_WARN_UNDECLARED_SELECTOR = YES;
				GCC_WARN_UNINITIALIZED_AUTOS = YES_AGGRESSIVE;
				GCC_WARN_UNUSED_FUNCTION = YES;
				GCC_WARN_UNUSED_VARIABLE = YES;
				MACOSX_DEPLOYMENT_TARGET = 10.12;
				MTL_ENABLE_DEBUG_INFO = YES;
				ONLY_ACTIVE_ARCH = YES;
				SDKROOT = macosx;
			};
			name = Debug;
		};
		72922DEF1EF24DF7006A489D /* Release */ = {
			isa = XCBuildConfiguration;
			buildSettings = {
				ALWAYS_SEARCH_USER_PATHS = NO;
				CLANG_ANALYZER_NONNULL = YES;
				CLANG_ANALYZER_NUMBER_OBJECT_CONVERSION = YES_AGGRESSIVE;
				CLANG_CXX_LANGUAGE_STANDARD = "gnu++0x";
				CLANG_CXX_LIBRARY = "libc++";
				CLANG_ENABLE_MODULES = YES;
				CLANG_ENABLE_OBJC_ARC = YES;
				CLANG_WARN_BOOL_CONVERSION = YES;
				CLANG_WARN_CONSTANT_CONVERSION = YES;
				CLANG_WARN_DIRECT_OBJC_ISA_USAGE = YES_ERROR;
				CLANG_WARN_DOCUMENTATION_COMMENTS = YES;
				CLANG_WARN_EMPTY_BODY = YES;
				CLANG_WARN_ENUM_CONVERSION = YES;
				CLANG_WARN_INFINITE_RECURSION = YES;
				CLANG_WARN_INT_CONVERSION = YES;
				CLANG_WARN_OBJC_ROOT_CLASS = YES_ERROR;
				CLANG_WARN_SUSPICIOUS_MOVE = YES;
				CLANG_WARN_UNREACHABLE_CODE = YES;
				CLANG_WARN__DUPLICATE_METHOD_MATCH = YES;
				CODE_SIGN_IDENTITY = "-";
				COPY_PHASE_STRIP = NO;
				DEBUG_INFORMATION_FORMAT = "dwarf-with-dsym";
				ENABLE_NS_ASSERTIONS = NO;
				ENABLE_STRICT_OBJC_MSGSEND = YES;
				GCC_C_LANGUAGE_STANDARD = gnu99;
				GCC_NO_COMMON_BLOCKS = YES;
				GCC_WARN_64_TO_32_BIT_CONVERSION = YES;
				GCC_WARN_ABOUT_RETURN_TYPE = YES_ERROR;
				GCC_WARN_UNDECLARED_SELECTOR = YES;
				GCC_WARN_UNINITIALIZED_AUTOS = YES_AGGRESSIVE;
				GCC_WARN_UNUSED_FUNCTION = YES;
				GCC_WARN_UNUSED_VARIABLE = YES;
				MACOSX_DEPLOYMENT_TARGET = 10.12;
				MTL_ENABLE_DEBUG_INFO = NO;
				SDKROOT = macosx;
			};
			name = Release;
		};
		72922DF11EF24DF7006A489D /* Debug */ = {
			isa = XCBuildConfiguration;
			buildSettings = {
				MACOSX_DEPLOYMENT_TARGET = 10.8;
				PRODUCT_NAME = "$(TARGET_NAME)";
			};
			name = Debug;
		};
		72922DF21EF24DF7006A489D /* Release */ = {
			isa = XCBuildConfiguration;
			buildSettings = {
				MACOSX_DEPLOYMENT_TARGET = 10.8;
				PRODUCT_NAME = "$(TARGET_NAME)";
			};
			name = Release;
		};
/* End XCBuildConfiguration section */

/* Begin XCConfigurationList section */
		72922DE41EF24DF7006A489D /* Build configuration list for PBXProject "Chapter13Example2" */ = {
			isa = XCConfigurationList;
			buildConfigurations = (
				72922DEE1EF24DF7006A489D /* Debug */,
				72922DEF1EF24DF7006A489D /* Release */,
			);
			defaultConfigurationIsVisible = 0;
			defaultConfigurationName = Release;
		};
		72922DF01EF24DF7006A489D /* Build configuration list for PBXNativeTarget "Chapter13Example2" */ = {
			isa = XCConfigurationList;
			buildConfigurations = (
				72922DF11EF24DF7006A489D /* Debug */,
				72922DF21EF24DF7006A489D /* Release */,
			);
			defaultConfigurationIsVisible = 0;
		};
/* End XCConfigurationList section */
	};
	rootObject = 72922DE11EF24DF7006A489D /* Project object */;
}
