// !$*UTF8*$!
{
	archiveVersion = 1;
	classes = {
	};
	objectVersion = 46;
	objects = {

/* Begin PBXBuildFile section */
		72A3DCB21E83EB7600505B3F /* main.mm in Sources */ = {isa = PBXBuildFile; fileRef = 72A3DCB11E83EB7600505B3F /* main.mm */; };
		72A3DCBA1E83EB9C00505B3F /* GLUT.framework in Frameworks */ = {isa = PBXBuildFile; fileRef = 72A3DCB91E83EB9C00505B3F /* GLUT.framework */; };
		72A3DCBC1E83EB9F00505B3F /* OpenGL.framework in Frameworks */ = {isa = PBXBuildFile; fileRef = 72A3DCBB1E83EB9F00505B3F /* OpenGL.framework */; };
/* End PBXBuildFile section */

/* Begin PBXCopyFilesBuildPhase section */
		72A3DCAC1E83EB7600505B3F /* CopyFiles */ = {
			isa = PBXCopyFilesBuildPhase;
			buildActionMask = 2147483647;
			dstPath = /usr/share/man/man1/;
			dstSubfolderSpec = 0;
			files = (
			);
			runOnlyForDeploymentPostprocessing = 1;
		};
/* End PBXCopyFilesBuildPhase section */

/* Begin PBXFileReference section */
		72A3DCAE1E83EB7600505B3F /* Chapter4Example2 */ = {isa = PBXFileReference; explicitFileType = "compiled.mach-o.executable"; includeInIndex = 0; path = Chapter4Example2; sourceTree = BUILT_PRODUCTS_DIR; };
		72A3DCB11E83EB7600505B3F /* main.mm */ = {isa = PBXFileReference; lastKnownFileType = sourcecode.cpp.objcpp; path = main.mm; sourceTree = "<group>"; };
		72A3DCB91E83EB9C00505B3F /* GLUT.framework */ = {isa = PBXFileReference; lastKnownFileType = wrapper.framework; name = GLUT.framework; path = System/Library/Frameworks/GLUT.framework; sourceTree = SDKROOT; };
		72A3DCBB1E83EB9F00505B3F /* OpenGL.framework */ = {isa = PBXFileReference; lastKnownFileType = wrapper.framework; name = OpenGL.framework; path = System/Library/Frameworks/OpenGL.framework; sourceTree = SDKROOT; };
/* End PBXFileReference section */

/* Begin PBXFrameworksBuildPhase section */
		72A3DCAB1E83EB7600505B3F /* Frameworks */ = {
			isa = PBXFrameworksBuildPhase;
			buildActionMask = 2147483647;
			files = (
				72A3DCBC1E83EB9F00505B3F /* OpenGL.framework in Frameworks */,
				72A3DCBA1E83EB9C00505B3F /* GLUT.framework in Frameworks */,
			);
			runOnlyForDeploymentPostprocessing = 0;
		};
/* End PBXFrameworksBuildPhase section */

/* Begin PBXGroup section */
		72A3DCA51E83EB7600505B3F = {
			isa = PBXGroup;
			children = (
				72A3DCB01E83EB7600505B3F /* Chapter4Example2 */,
				72A3DCAF1E83EB7600505B3F /* Products */,
				72A3DCB81E83EB9C00505B3F /* Frameworks */,
			);
			sourceTree = "<group>";
		};
		72A3DCAF1E83EB7600505B3F /* Products */ = {
			isa = PBXGroup;
			children = (
				72A3DCAE1E83EB7600505B3F /* Chapter4Example2 */,
			);
			name = Products;
			sourceTree = "<group>";
		};
		72A3DCB01E83EB7600505B3F /* Chapter4Example2 */ = {
			isa = PBXGroup;
			children = (
				72A3DCB11E83EB7600505B3F /* main.mm */,
			);
			path = Chapter4Example2;
			sourceTree = "<group>";
		};
		72A3DCB81E83EB9C00505B3F /* Frameworks */ = {
			isa = PBXGroup;
			children = (
				72A3DCBB1E83EB9F00505B3F /* OpenGL.framework */,
				72A3DCB91E83EB9C00505B3F /* GLUT.framework */,
			);
			name = Frameworks;
			sourceTree = "<group>";
		};
/* End PBXGroup section */

/* Begin PBXNativeTarget section */
		72A3DCAD1E83EB7600505B3F /* Chapter4Example2 */ = {
			isa = PBXNativeTarget;
			buildConfigurationList = 72A3DCB51E83EB7600505B3F /* Build configuration list for PBXNativeTarget "Chapter4Example2" */;
			buildPhases = (
				72A3DCAA1E83EB7600505B3F /* Sources */,
				72A3DCAB1E83EB7600505B3F /* Frameworks */,
				72A3DCAC1E83EB7600505B3F /* CopyFiles */,
			);
			buildRules = (
			);
			dependencies = (
			);
			name = Chapter4Example2;
			productName = Chapter4Example2;
			productReference = 72A3DCAE1E83EB7600505B3F /* Chapter4Example2 */;
			productType = "com.apple.product-type.tool";
		};
/* End PBXNativeTarget section */

/* Begin PBXProject section */
		72A3DCA61E83EB7600505B3F /* Project object */ = {
			isa = PBXProject;
			attributes = {
				LastUpgradeCheck = 0820;
				ORGANIZATIONNAME = "张琳琪";
				TargetAttributes = {
					72A3DCAD1E83EB7600505B3F = {
						CreatedOnToolsVersion = 8.2.1;
						DevelopmentTeam = U4M5KPXUMF;
						ProvisioningStyle = Automatic;
					};
				};
			};
			buildConfigurationList = 72A3DCA91E83EB7600505B3F /* Build configuration list for PBXProject "Chapter4Example2" */;
			compatibilityVersion = "Xcode 3.2";
			developmentRegion = English;
			hasScannedForEncodings = 0;
			knownRegions = (
				en,
			);
			mainGroup = 72A3DCA51E83EB7600505B3F;
			productRefGroup = 72A3DCAF1E83EB7600505B3F /* Products */;
			projectDirPath = "";
			projectRoot = "";
			targets = (
				72A3DCAD1E83EB7600505B3F /* Chapter4Example2 */,
			);
		};
/* End PBXProject section */

/* Begin PBXSourcesBuildPhase section */
		72A3DCAA1E83EB7600505B3F /* Sources */ = {
			isa = PBXSourcesBuildPhase;
			buildActionMask = 2147483647;
			files = (
				72A3DCB21E83EB7600505B3F /* main.mm in Sources */,
			);
			runOnlyForDeploymentPostprocessing = 0;
		};
/* End PBXSourcesBuildPhase section */

/* Begin XCBuildConfiguration section */
		72A3DCB31E83EB7600505B3F /* Debug */ = {
			isa = XCBuildConfiguration;
			buildSettings = {
				ALWAYS_SEARCH_USER_PATHS = NO;
				CLANG_ANALYZER_NONNULL = YES;
				CLANG_CXX_LANGUAGE_STANDARD = "gnu++0x";
				CLANG_CXX_LIBRARY = "libc++";
				CLANG_ENABLE_MODULES = YES;
				CLANG_ENABLE_OBJC_ARC = YES;
				CLANG_WARN_BOOL_CONVERSION = YES;
				CLANG_WARN_CONSTANT_CONVERSION = YES;
				CLANG_WARN_DIRECT_OBJC_ISA_USAGE = YES_ERROR;
				CLANG_WARN_DOCUMENTATION_COMMENTS = YES;
				CLANG_WARN_EMPTY_BODY = YES;
				CLANG_WARN_ENUM_CONVERSION = YES;
				CLANG_WARN_INFINITE_RECURSION = YES;
				CLANG_WARN_INT_CONVERSION = YES;
				CLANG_WARN_OBJC_ROOT_CLASS = YES_ERROR;
				CLANG_WARN_SUSPICIOUS_MOVE = YES;
				CLANG_WARN_UNREACHABLE_CODE = YES;
				CLANG_WARN__DUPLICATE_METHOD_MATCH = YES;
				CODE_SIGN_IDENTITY = "-";
				COPY_PHASE_STRIP = NO;
				DEBUG_INFORMATION_FORMAT = dwarf;
				ENABLE_STRICT_OBJC_MSGSEND = YES;
				ENABLE_TESTABILITY = YES;
				GCC_C_LANGUAGE_STANDARD = gnu99;
				GCC_DYNAMIC_NO_PIC = NO;
				GCC_NO_COMMON_BLOCKS = YES;
				GCC_OPTIMIZATION_LEVEL = 0;
				GCC_PREPROCESSOR_DEFINITIONS = (
					"DEBUG=1",
					"$(inherited)",
				);
				GCC_WARN_64_TO_32_BIT_CONVERSION = YES;
				GCC_WARN_ABOUT_RETURN_TYPE = YES_ERROR;
				GCC_WARN_UNDECLARED_SELECTOR = YES;
				GCC_WARN_UNINITIALIZED_AUTOS = YES_AGGRESSIVE;
				GCC_WARN_UNUSED_FUNCTION = YES;
				GCC_WARN_UNUSED_VARIABLE = YES;
				MACOSX_DEPLOYMENT_TARGET = 10.12;
				MTL_ENABLE_DEBUG_INFO = YES;
				ONLY_ACTIVE_ARCH = YES;
				SDKROOT = macosx;
			};
			name = Debug;
		};
		72A3DCB41E83EB7600505B3F /* Release */ = {
			isa = XCBuildConfiguration;
			buildSettings = {
				ALWAYS_SEARCH_USER_PATHS = NO;
				CLANG_ANALYZER_NONNULL = YES;
				CLANG_CXX_LANGUAGE_STANDARD = "gnu++0x";
				CLANG_CXX_LIBRARY = "libc++";
				CLANG_ENABLE_MODULES = YES;
				CLANG_ENABLE_OBJC_ARC = YES;
				CLANG_WARN_BOOL_CONVERSION = YES;
				CLANG_WARN_CONSTANT_CONVERSION = YES;
				CLANG_WARN_DIRECT_OBJC_ISA_USAGE = YES_ERROR;
				CLANG_WARN_DOCUMENTATION_COMMENTS = YES;
				CLANG_WARN_EMPTY_BODY = YES;
				CLANG_WARN_ENUM_CONVERSION = YES;
				CLANG_WARN_INFINITE_RECURSION = YES;
				CLANG_WARN_INT_CONVERSION = YES;
				CLANG_WARN_OBJC_ROOT_CLASS = YES_ERROR;
				CLANG_WARN_SUSPICIOUS_MOVE = YES;
				CLANG_WARN_UNREACHABLE_CODE = YES;
				CLANG_WARN__DUPLICATE_METHOD_MATCH = YES;
				CODE_SIGN_IDENTITY = "-";
				COPY_PHASE_STRIP = NO;
				DEBUG_INFORMATION_FORMAT = "dwarf-with-dsym";
				ENABLE_NS_ASSERTIONS = NO;
				ENABLE_STRICT_OBJC_MSGSEND = YES;
				GCC_C_LANGUAGE_STANDARD = gnu99;
				GCC_NO_COMMON_BLOCKS = YES;
				GCC_WARN_64_TO_32_BIT_CONVERSION = YES;
				GCC_WARN_ABOUT_RETURN_TYPE = YES_ERROR;
				GCC_WARN_UNDECLARED_SELECTOR = YES;
				GCC_WARN_UNINITIALIZED_AUTOS = YES_AGGRESSIVE;
				GCC_WARN_UNUSED_FUNCTION = YES;
				GCC_WARN_UNUSED_VARIABLE = YES;
				MACOSX_DEPLOYMENT_TARGET = 10.12;
				MTL_ENABLE_DEBUG_INFO = NO;
				SDKROOT = macosx;
			};
			name = Release;
		};
		72A3DCB61E83EB7600505B3F /* Debug */ = {
			isa = XCBuildConfiguration;
			buildSettings = {
				DEVELOPMENT_TEAM = U4M5KPXUMF;
				MACOSX_DEPLOYMENT_TARGET = 10.8;
				PRODUCT_NAME = "$(TARGET_NAME)";
			};
			name = Debug;
		};
		72A3DCB71E83EB7600505B3F /* Release */ = {
			isa = XCBuildConfiguration;
			buildSettings = {
				DEVELOPMENT_TEAM = U4M5KPXUMF;
				MACOSX_DEPLOYMENT_TARGET = 10.8;
				PRODUCT_NAME = "$(TARGET_NAME)";
			};
			name = Release;
		};
/* End XCBuildConfiguration section */

/* Begin XCConfigurationList section */
		72A3DCA91E83EB7600505B3F /* Build configuration list for PBXProject "Chapter4Example2" */ = {
			isa = XCConfigurationList;
			buildConfigurations = (
				72A3DCB31E83EB7600505B3F /* Debug */,
				72A3DCB41E83EB7600505B3F /* Release */,
			);
			defaultConfigurationIsVisible = 0;
			defaultConfigurationName = Release;
		};
		72A3DCB51E83EB7600505B3F /* Build configuration list for PBXNativeTarget "Chapter4Example2" */ = {
			isa = XCConfigurationList;
			buildConfigurations = (
				72A3DCB61E83EB7600505B3F /* Debug */,
				72A3DCB71E83EB7600505B3F /* Release */,
			);
			defaultConfigurationIsVisible = 0;
		};
/* End XCConfigurationList section */
	};
	rootObject = 72A3DCA61E83EB7600505B3F /* Project object */;
}
