// !$*UTF8*$!
{
	archiveVersion = 1;
	classes = {
	};
	objectVersion = 46;
	objects = {

/* Begin PBXBuildFile section */
		729F1F491EEFBE1A0049E289 /* main.mm in Sources */ = {isa = PBXBuildFile; fileRef = 729F1F481EEFBE1A0049E289 /* main.mm */; };
		729F1F511EEFBE230049E289 /* OpenGL.framework in Frameworks */ = {isa = PBXBuildFile; fileRef = 729F1F501EEFBE230049E289 /* OpenGL.framework */; };
		729F1F531EEFBE270049E289 /* GLUT.framework in Frameworks */ = {isa = PBXBuildFile; fileRef = 729F1F521EEFBE270049E289 /* GLUT.framework */; };
/* End PBXBuildFile section */

/* Begin PBXCopyFilesBuildPhase section */
		729F1F431EEFBE1A0049E289 /* CopyFiles */ = {
			isa = PBXCopyFilesBuildPhase;
			buildActionMask = 2147483647;
			dstPath = /usr/share/man/man1/;
			dstSubfolderSpec = 0;
			files = (
			);
			runOnlyForDeploymentPostprocessing = 1;
		};
/* End PBXCopyFilesBuildPhase section */

/* Begin PBXFileReference section */
		729F1F451EEFBE1A0049E289 /* Chapter13Example1 */ = {isa = PBXFileReference; explicitFileType = "compiled.mach-o.executable"; includeInIndex = 0; path = Chapter13Example1; sourceTree = BUILT_PRODUCTS_DIR; };
		729F1F481EEFBE1A0049E289 /* main.mm */ = {isa = PBXFileReference; lastKnownFileType = sourcecode.cpp.objcpp; path = main.mm; sourceTree = "<group>"; };
		729F1F501EEFBE230049E289 /* OpenGL.framework */ = {isa = PBXFileReference; lastKnownFileType = wrapper.framework; name = OpenGL.framework; path = System/Library/Frameworks/OpenGL.framework; sourceTree = SDKROOT; };
		729F1F521EEFBE270049E289 /* GLUT.framework */ = {isa = PBXFileReference; lastKnownFileType = wrapper.framework; name = GLUT.framework; path = System/Library/Frameworks/GLUT.framework; sourceTree = SDKROOT; };
/* End PBXFileReference section */

/* Begin PBXFrameworksBuildPhase section */
		729F1F421EEFBE1A0049E289 /* Frameworks */ = {
			isa = PBXFrameworksBuildPhase;
			buildActionMask = 2147483647;
			files = (
				729F1F531EEFBE270049E289 /* GLUT.framework in Frameworks */,
				729F1F511EEFBE230049E289 /* OpenGL.framework in Frameworks */,
			);
			runOnlyForDeploymentPostprocessing = 0;
		};
/* End PBXFrameworksBuildPhase section */

/* Begin PBXGroup section */
		729F1F3C1EEFBE1A0049E289 = {
			isa = PBXGroup;
			children = (
				729F1F471EEFBE1A0049E289 /* Chapter13Example1 */,
				729F1F461EEFBE1A0049E289 /* Products */,
				729F1F4F1EEFBE230049E289 /* Frameworks */,
			);
			sourceTree = "<group>";
		};
		729F1F461EEFBE1A0049E289 /* Products */ = {
			isa = PBXGroup;
			children = (
				729F1F451EEFBE1A0049E289 /* Chapter13Example1 */,
			);
			name = Products;
			sourceTree = "<group>";
		};
		729F1F471EEFBE1A0049E289 /* Chapter13Example1 */ = {
			isa = PBXGroup;
			children = (
				729F1F481EEFBE1A0049E289 /* main.mm */,
			);
			path = Chapter13Example1;
			sourceTree = "<group>";
		};
		729F1F4F1EEFBE230049E289 /* Frameworks */ = {
			isa = PBXGroup;
			children = (
				729F1F521EEFBE270049E289 /* GLUT.framework */,
				729F1F501EEFBE230049E289 /* OpenGL.framework */,
			);
			name = Frameworks;
			sourceTree = "<group>";
		};
/* End PBXGroup section */

/* Begin PBXNativeTarget section */
		729F1F441EEFBE1A0049E289 /* Chapter13Example1 */ = {
			isa = PBXNativeTarget;
			buildConfigurationList = 729F1F4C1EEFBE1A0049E289 /* Build configuration list for PBXNativeTarget "Chapter13Example1" */;
			buildPhases = (
				729F1F411EEFBE1A0049E289 /* Sources */,
				729F1F421EEFBE1A0049E289 /* Frameworks */,
				729F1F431EEFBE1A0049E289 /* CopyFiles */,
			);
			buildRules = (
			);
			dependencies = (
			);
			name = Chapter13Example1;
			productName = Chapter13Example1;
			productReference = 729F1F451EEFBE1A0049E289 /* Chapter13Example1 */;
			productType = "com.apple.product-type.tool";
		};
/* End PBXNativeTarget section */

/* Begin PBXProject section */
		729F1F3D1EEFBE1A0049E289 /* Project object */ = {
			isa = PBXProject;
			attributes = {
				LastUpgradeCheck = 0830;
				ORGANIZATIONNAME = "张琳琪";
				TargetAttributes = {
					729F1F441EEFBE1A0049E289 = {
						CreatedOnToolsVersion = 8.3.2;
						ProvisioningStyle = Automatic;
					};
				};
			};
			buildConfigurationList = 729F1F401EEFBE1A0049E289 /* Build configuration list for PBXProject "Chapter13Example1" */;
			compatibilityVersion = "Xcode 3.2";
			developmentRegion = English;
			hasScannedForEncodings = 0;
			knownRegions = (
				en,
			);
			mainGroup = 729F1F3C1EEFBE1A0049E289;
			productRefGroup = 729F1F461EEFBE1A0049E289 /* Products */;
			projectDirPath = "";
			projectRoot = "";
			targets = (
				729F1F441EEFBE1A0049E289 /* Chapter13Example1 */,
			);
		};
/* End PBXProject section */

/* Begin PBXSourcesBuildPhase section */
		729F1F411EEFBE1A0049E289 /* Sources */ = {
			isa = PBXSourcesBuildPhase;
			buildActionMask = 2147483647;
			files = (
				729F1F491EEFBE1A0049E289 /* main.mm in Sources */,
			);
			runOnlyForDeploymentPostprocessing = 0;
		};
/* End PBXSourcesBuildPhase section */

/* Begin XCBuildConfiguration section */
		729F1F4A1EEFBE1A0049E289 /* Debug */ = {
			isa = XCBuildConfiguration;
			buildSettings = {
				ALWAYS_SEARCH_USER_PATHS = NO;
				CLANG_ANALYZER_NONNULL = YES;
				CLANG_ANALYZER_NUMBER_OBJECT_CONVERSION = YES_AGGRESSIVE;
				CLANG_CXX_LANGUAGE_STANDARD = "gnu++0x";
				CLANG_CXX_LIBRARY = "libc++";
				CLANG_ENABLE_MODULES = YES;
				CLANG_ENABLE_OBJC_ARC = YES;
				CLANG_WARN_BOOL_CONVERSION = YES;
				CLANG_WARN_CONSTANT_CONVERSION = YES;
				CLANG_WARN_DIRECT_OBJC_ISA_USAGE = YES_ERROR;
				CLANG_WARN_DOCUMENTATION_COMMENTS = YES;
				CLANG_WARN_EMPTY_BODY = YES;
				CLANG_WARN_ENUM_CONVERSION = YES;
				CLANG_WARN_INFINITE_RECURSION = YES;
				CLANG_WARN_INT_CONVERSION = YES;
				CLANG_WARN_OBJC_ROOT_CLASS = YES_ERROR;
				CLANG_WARN_SUSPICIOUS_MOVE = YES;
				CLANG_WARN_UNREACHABLE_CODE = YES;
				CLANG_WARN__DUPLICATE_METHOD_MATCH = YES;
				CODE_SIGN_IDENTITY = "-";
				COPY_PHASE_STRIP = NO;
				DEBUG_INFORMATION_FORMAT = dwarf;
				ENABLE_STRICT_OBJC_MSGSEND = YES;
				ENABLE_TESTABILITY = YES;
				GCC_C_LANGUAGE_STANDARD = gnu99;
				GCC_DYNAMIC_NO_PIC = NO;
				GCC_NO_COMMON_BLOCKS = YES;
				GCC_OPTIMIZATION_LEVEL = 0;
				GCC_PREPROCESSOR_DEFINITIONS = (
					"DEBUG=1",
					"$(inherited)",
				);
				GCC_WARN_64_TO_32_BIT_CONVERSION = YES;
				GCC_WARN_ABOUT_RETURN_TYPE = YES_ERROR;
				GCC_WARN_UNDECLARED_SELECTOR = YES;
				GCC_WARN_UNINITIALIZED_AUTOS = YES_AGGRESSIVE;
				GCC_WARN_UNUSED_FUNCTION = YES;
				GCC_WARN_UNUSED_VARIABLE = YES;
				MACOSX_DEPLOYMENT_TARGET = 10.12;
				MTL_ENABLE_DEBUG_INFO = YES;
				ONLY_ACTIVE_ARCH = YES;
				SDKROOT = macosx;
			};
			name = Debug;
		};
		729F1F4B1EEFBE1A0049E289 /* Release */ = {
			isa = XCBuildConfiguration;
			buildSettings = {
				ALWAYS_SEARCH_USER_PATHS = NO;
				CLANG_ANALYZER_NONNULL = YES;
				CLANG_ANALYZER_NUMBER_OBJECT_CONVERSION = YES_AGGRESSIVE;
				CLANG_CXX_LANGUAGE_STANDARD = "gnu++0x";
				CLANG_CXX_LIBRARY = "libc++";
				CLANG_ENABLE_MODULES = YES;
				CLANG_ENABLE_OBJC_ARC = YES;
				CLANG_WARN_BOOL_CONVERSION = YES;
				CLANG_WARN_CONSTANT_CONVERSION = YES;
				CLANG_WARN_DIRECT_OBJC_ISA_USAGE = YES_ERROR;
				CLANG_WARN_DOCUMENTATION_COMMENTS = YES;
				CLANG_WARN_EMPTY_BODY = YES;
				CLANG_WARN_ENUM_CONVERSION = YES;
				CLANG_WARN_INFINITE_RECURSION = YES;
				CLANG_WARN_INT_CONVERSION = YES;
				CLANG_WARN_OBJC_ROOT_CLASS = YES_ERROR;
				CLANG_WARN_SUSPICIOUS_MOVE = YES;
				CLANG_WARN_UNREACHABLE_CODE = YES;
				CLANG_WARN__DUPLICATE_METHOD_MATCH = YES;
				CODE_SIGN_IDENTITY = "-";
				COPY_PHASE_STRIP = NO;
				DEBUG_INFORMATION_FORMAT = "dwarf-with-dsym";
				ENABLE_NS_ASSERTIONS = NO;
				ENABLE_STRICT_OBJC_MSGSEND = YES;
				GCC_C_LANGUAGE_STANDARD = gnu99;
				GCC_NO_COMMON_BLOCKS = YES;
				GCC_WARN_64_TO_32_BIT_CONVERSION = YES;
				GCC_WARN_ABOUT_RETURN_TYPE = YES_ERROR;
				GCC_WARN_UNDECLARED_SELECTOR = YES;
				GCC_WARN_UNINITIALIZED_AUTOS = YES_AGGRESSIVE;
				GCC_WARN_UNUSED_FUNCTION = YES;
				GCC_WARN_UNUSED_VARIABLE = YES;
				MACOSX_DEPLOYMENT_TARGET = 10.12;
				MTL_ENABLE_DEBUG_INFO = NO;
				SDKROOT = macosx;
			};
			name = Release;
		};
		729F1F4D1EEFBE1A0049E289 /* Debug */ = {
			isa = XCBuildConfiguration;
			buildSettings = {
				MACOSX_DEPLOYMENT_TARGET = 10.8;
				PRODUCT_NAME = "$(TARGET_NAME)";
			};
			name = Debug;
		};
		729F1F4E1EEFBE1A0049E289 /* Release */ = {
			isa = XCBuildConfiguration;
			buildSettings = {
				MACOSX_DEPLOYMENT_TARGET = 10.8;
				PRODUCT_NAME = "$(TARGET_NAME)";
			};
			name = Release;
		};
/* End XCBuildConfiguration section */

/* Begin XCConfigurationList section */
		729F1F401EEFBE1A0049E289 /* Build configuration list for PBXProject "Chapter13Example1" */ = {
			isa = XCConfigurationList;
			buildConfigurations = (
				729F1F4A1EEFBE1A0049E289 /* Debug */,
				729F1F4B1EEFBE1A0049E289 /* Release */,
			);
			defaultConfigurationIsVisible = 0;
			defaultConfigurationName = Release;
		};
		729F1F4C1EEFBE1A0049E289 /* Build configuration list for PBXNativeTarget "Chapter13Example1" */ = {
			isa = XCConfigurationList;
			buildConfigurations = (
				729F1F4D1EEFBE1A0049E289 /* Debug */,
				729F1F4E1EEFBE1A0049E289 /* Release */,
			);
			defaultConfigurationIsVisible = 0;
		};
/* End XCConfigurationList section */
	};
	rootObject = 729F1F3D1EEFBE1A0049E289 /* Project object */;
}
