// !$*UTF8*$!
{
	archiveVersion = 1;
	classes = {
	};
	objectVersion = 46;
	objects = {

/* Begin PBXBuildFile section */
		724DE8C81EF90D9800BF2EEA /* main.mm in Sources */ = {isa = PBXBuildFile; fileRef = 724DE8C71EF90D9800BF2EEA /* main.mm */; };
		724DE8D01EF90DA200BF2EEA /* OpenGL.framework in Frameworks */ = {isa = PBXBuildFile; fileRef = 724DE8CF1EF90DA200BF2EEA /* OpenGL.framework */; };
		724DE8D21EF90DA500BF2EEA /* GLUT.framework in Frameworks */ = {isa = PBXBuildFile; fileRef = 724DE8D11EF90DA500BF2EEA /* GLUT.framework */; };
/* End PBXBuildFile section */

/* Begin PBXCopyFilesBuildPhase section */
		724DE8C21EF90D9800BF2EEA /* CopyFiles */ = {
			isa = PBXCopyFilesBuildPhase;
			buildActionMask = 2147483647;
			dstPath = /usr/share/man/man1/;
			dstSubfolderSpec = 0;
			files = (
			);
			runOnlyForDeploymentPostprocessing = 1;
		};
/* End PBXCopyFilesBuildPhase section */

/* Begin PBXFileReference section */
		724DE8C41EF90D9800BF2EEA /* Chapter14Example5 */ = {isa = PBXFileReference; explicitFileType = "compiled.mach-o.executable"; includeInIndex = 0; path = Chapter14Example5; sourceTree = BUILT_PRODUCTS_DIR; };
		724DE8C71EF90D9800BF2EEA /* main.mm */ = {isa = PBXFileReference; lastKnownFileType = sourcecode.cpp.objcpp; path = main.mm; sourceTree = "<group>"; };
		724DE8CF1EF90DA200BF2EEA /* OpenGL.framework */ = {isa = PBXFileReference; lastKnownFileType = wrapper.framework; name = OpenGL.framework; path = System/Library/Frameworks/OpenGL.framework; sourceTree = SDKROOT; };
		724DE8D11EF90DA500BF2EEA /* GLUT.framework */ = {isa = PBXFileReference; lastKnownFileType = wrapper.framework; name = GLUT.framework; path = System/Library/Frameworks/GLUT.framework; sourceTree = SDKROOT; };
/* End PBXFileReference section */

/* Begin PBXFrameworksBuildPhase section */
		724DE8C11EF90D9800BF2EEA /* Frameworks */ = {
			isa = PBXFrameworksBuildPhase;
			buildActionMask = 2147483647;
			files = (
				724DE8D21EF90DA500BF2EEA /* GLUT.framework in Frameworks */,
				724DE8D01EF90DA200BF2EEA /* OpenGL.framework in Frameworks */,
			);
			runOnlyForDeploymentPostprocessing = 0;
		};
/* End PBXFrameworksBuildPhase section */

/* Begin PBXGroup section */
		724DE8BB1EF90D9800BF2EEA = {
			isa = PBXGroup;
			children = (
				724DE8C61EF90D9800BF2EEA /* Chapter14Example5 */,
				724DE8C51EF90D9800BF2EEA /* Products */,
				724DE8CE1EF90DA200BF2EEA /* Frameworks */,
			);
			sourceTree = "<group>";
		};
		724DE8C51EF90D9800BF2EEA /* Products */ = {
			isa = PBXGroup;
			children = (
				724DE8C41EF90D9800BF2EEA /* Chapter14Example5 */,
			);
			name = Products;
			sourceTree = "<group>";
		};
		724DE8C61EF90D9800BF2EEA /* Chapter14Example5 */ = {
			isa = PBXGroup;
			children = (
				724DE8C71EF90D9800BF2EEA /* main.mm */,
			);
			path = Chapter14Example5;
			sourceTree = "<group>";
		};
		724DE8CE1EF90DA200BF2EEA /* Frameworks */ = {
			isa = PBXGroup;
			children = (
				724DE8D11EF90DA500BF2EEA /* GLUT.framework */,
				724DE8CF1EF90DA200BF2EEA /* OpenGL.framework */,
			);
			name = Frameworks;
			sourceTree = "<group>";
		};
/* End PBXGroup section */

/* Begin PBXNativeTarget section */
		724DE8C31EF90D9800BF2EEA /* Chapter14Example5 */ = {
			isa = PBXNativeTarget;
			buildConfigurationList = 724DE8CB1EF90D9800BF2EEA /* Build configuration list for PBXNativeTarget "Chapter14Example5" */;
			buildPhases = (
				724DE8C01EF90D9800BF2EEA /* Sources */,
				724DE8C11EF90D9800BF2EEA /* Frameworks */,
				724DE8C21EF90D9800BF2EEA /* CopyFiles */,
			);
			buildRules = (
			);
			dependencies = (
			);
			name = Chapter14Example5;
			productName = Chapter14Example5;
			productReference = 724DE8C41EF90D9800BF2EEA /* Chapter14Example5 */;
			productType = "com.apple.product-type.tool";
		};
/* End PBXNativeTarget section */

/* Begin PBXProject section */
		724DE8BC1EF90D9800BF2EEA /* Project object */ = {
			isa = PBXProject;
			attributes = {
				LastUpgradeCheck = 0830;
				ORGANIZATIONNAME = "张琳琪";
				TargetAttributes = {
					724DE8C31EF90D9800BF2EEA = {
						CreatedOnToolsVersion = 8.3.2;
						ProvisioningStyle = Automatic;
					};
				};
			};
			buildConfigurationList = 724DE8BF1EF90D9800BF2EEA /* Build configuration list for PBXProject "Chapter14Example5" */;
			compatibilityVersion = "Xcode 3.2";
			developmentRegion = English;
			hasScannedForEncodings = 0;
			knownRegions = (
				en,
			);
			mainGroup = 724DE8BB1EF90D9800BF2EEA;
			productRefGroup = 724DE8C51EF90D9800BF2EEA /* Products */;
			projectDirPath = "";
			projectRoot = "";
			targets = (
				724DE8C31EF90D9800BF2EEA /* Chapter14Example5 */,
			);
		};
/* End PBXProject section */

/* Begin PBXSourcesBuildPhase section */
		724DE8C01EF90D9800BF2EEA /* Sources */ = {
			isa = PBXSourcesBuildPhase;
			buildActionMask = 2147483647;
			files = (
				724DE8C81EF90D9800BF2EEA /* main.mm in Sources */,
			);
			runOnlyForDeploymentPostprocessing = 0;
		};
/* End PBXSourcesBuildPhase section */

/* Begin XCBuildConfiguration section */
		724DE8C91EF90D9800BF2EEA /* Debug */ = {
			isa = XCBuildConfiguration;
			buildSettings = {
				ALWAYS_SEARCH_USER_PATHS = NO;
				CLANG_ANALYZER_NONNULL = YES;
				CLANG_ANALYZER_NUMBER_OBJECT_CONVERSION = YES_AGGRESSIVE;
				CLANG_CXX_LANGUAGE_STANDARD = "gnu++0x";
				CLANG_CXX_LIBRARY = "libc++";
				CLANG_ENABLE_MODULES = YES;
				CLANG_ENABLE_OBJC_ARC = YES;
				CLANG_WARN_BOOL_CONVERSION = YES;
				CLANG_WARN_CONSTANT_CONVERSION = YES;
				CLANG_WARN_DIRECT_OBJC_ISA_USAGE = YES_ERROR;
				CLANG_WARN_DOCUMENTATION_COMMENTS = YES;
				CLANG_WARN_EMPTY_BODY = YES;
				CLANG_WARN_ENUM_CONVERSION = YES;
				CLANG_WARN_INFINITE_RECURSION = YES;
				CLANG_WARN_INT_CONVERSION = YES;
				CLANG_WARN_OBJC_ROOT_CLASS = YES_ERROR;
				CLANG_WARN_SUSPICIOUS_MOVE = YES;
				CLANG_WARN_UNREACHABLE_CODE = YES;
				CLANG_WARN__DUPLICATE_METHOD_MATCH = YES;
				CODE_SIGN_IDENTITY = "-";
				COPY_PHASE_STRIP = NO;
				DEBUG_INFORMATION_FORMAT = dwarf;
				ENABLE_STRICT_OBJC_MSGSEND = YES;
				ENABLE_TESTABILITY = YES;
				GCC_C_LANGUAGE_STANDARD = gnu99;
				GCC_DYNAMIC_NO_PIC = NO;
				GCC_NO_COMMON_BLOCKS = YES;
				GCC_OPTIMIZATION_LEVEL = 0;
				GCC_PREPROCESSOR_DEFINITIONS = (
					"DEBUG=1",
					"$(inherited)",
				);
				GCC_WARN_64_TO_32_BIT_CONVERSION = YES;
				GCC_WARN_ABOUT_RETURN_TYPE = YES_ERROR;
				GCC_WARN_UNDECLARED_SELECTOR = YES;
				GCC_WARN_UNINITIALIZED_AUTOS = YES_AGGRESSIVE;
				GCC_WARN_UNUSED_FUNCTION = YES;
				GCC_WARN_UNUSED_VARIABLE = YES;
				MACOSX_DEPLOYMENT_TARGET = 10.12;
				MTL_ENABLE_DEBUG_INFO = YES;
				ONLY_ACTIVE_ARCH = YES;
				SDKROOT = macosx;
			};
			name = Debug;
		};
		724DE8CA1EF90D9800BF2EEA /* Release */ = {
			isa = XCBuildConfiguration;
			buildSettings = {
				ALWAYS_SEARCH_USER_PATHS = NO;
				CLANG_ANALYZER_NONNULL = YES;
				CLANG_ANALYZER_NUMBER_OBJECT_CONVERSION = YES_AGGRESSIVE;
				CLANG_CXX_LANGUAGE_STANDARD = "gnu++0x";
				CLANG_CXX_LIBRARY = "libc++";
				CLANG_ENABLE_MODULES = YES;
				CLANG_ENABLE_OBJC_ARC = YES;
				CLANG_WARN_BOOL_CONVERSION = YES;
				CLANG_WARN_CONSTANT_CONVERSION = YES;
				CLANG_WARN_DIRECT_OBJC_ISA_USAGE = YES_ERROR;
				CLANG_WARN_DOCUMENTATION_COMMENTS = YES;
				CLANG_WARN_EMPTY_BODY = YES;
				CLANG_WARN_ENUM_CONVERSION = YES;
				CLANG_WARN_INFINITE_RECURSION = YES;
				CLANG_WARN_INT_CONVERSION = YES;
				CLANG_WARN_OBJC_ROOT_CLASS = YES_ERROR;
				CLANG_WARN_SUSPICIOUS_MOVE = YES;
				CLANG_WARN_UNREACHABLE_CODE = YES;
				CLANG_WARN__DUPLICATE_METHOD_MATCH = YES;
				CODE_SIGN_IDENTITY = "-";
				COPY_PHASE_STRIP = NO;
				DEBUG_INFORMATION_FORMAT = "dwarf-with-dsym";
				ENABLE_NS_ASSERTIONS = NO;
				ENABLE_STRICT_OBJC_MSGSEND = YES;
				GCC_C_LANGUAGE_STANDARD = gnu99;
				GCC_NO_COMMON_BLOCKS = YES;
				GCC_WARN_64_TO_32_BIT_CONVERSION = YES;
				GCC_WARN_ABOUT_RETURN_TYPE = YES_ERROR;
				GCC_WARN_UNDECLARED_SELECTOR = YES;
				GCC_WARN_UNINITIALIZED_AUTOS = YES_AGGRESSIVE;
				GCC_WARN_UNUSED_FUNCTION = YES;
				GCC_WARN_UNUSED_VARIABLE = YES;
				MACOSX_DEPLOYMENT_TARGET = 10.12;
				MTL_ENABLE_DEBUG_INFO = NO;
				SDKROOT = macosx;
			};
			name = Release;
		};
		724DE8CC1EF90D9800BF2EEA /* Debug */ = {
			isa = XCBuildConfiguration;
			buildSettings = {
				MACOSX_DEPLOYMENT_TARGET = 10.8;
				PRODUCT_NAME = "$(TARGET_NAME)";
			};
			name = Debug;
		};
		724DE8CD1EF90D9800BF2EEA /* Release */ = {
			isa = XCBuildConfiguration;
			buildSettings = {
				MACOSX_DEPLOYMENT_TARGET = 10.8;
				PRODUCT_NAME = "$(TARGET_NAME)";
			};
			name = Release;
		};
/* End XCBuildConfiguration section */

/* Begin XCConfigurationList section */
		724DE8BF1EF90D9800BF2EEA /* Build configuration list for PBXProject "Chapter14Example5" */ = {
			isa = XCConfigurationList;
			buildConfigurations = (
				724DE8C91EF90D9800BF2EEA /* Debug */,
				724DE8CA1EF90D9800BF2EEA /* Release */,
			);
			defaultConfigurationIsVisible = 0;
			defaultConfigurationName = Release;
		};
		724DE8CB1EF90D9800BF2EEA /* Build configuration list for PBXNativeTarget "Chapter14Example5" */ = {
			isa = XCConfigurationList;
			buildConfigurations = (
				724DE8CC1EF90D9800BF2EEA /* Debug */,
				724DE8CD1EF90D9800BF2EEA /* Release */,
			);
			defaultConfigurationIsVisible = 0;
		};
/* End XCConfigurationList section */
	};
	rootObject = 724DE8BC1EF90D9800BF2EEA /* Project object */;
}
