// !$*UTF8*$!
{
	archiveVersion = 1;
	classes = {
	};
	objectVersion = 46;
	objects = {

/* Begin PBXBuildFile section */
		72B5AE2B1F03863600E0009C /* main.mm in Sources */ = {isa = PBXBuildFile; fileRef = 72B5AE2A1F03863600E0009C /* main.mm */; };
		72B5AE331F03864B00E0009C /* OpenGL.framework in Frameworks */ = {isa = PBXBuildFile; fileRef = 72B5AE321F03864B00E0009C /* OpenGL.framework */; };
		72B5AE351F03864E00E0009C /* GLUT.framework in Frameworks */ = {isa = PBXBuildFile; fileRef = 72B5AE341F03864E00E0009C /* GLUT.framework */; };
/* End PBXBuildFile section */

/* Begin PBXCopyFilesBuildPhase section */
		72B5AE251F03863600E0009C /* CopyFiles */ = {
			isa = PBXCopyFilesBuildPhase;
			buildActionMask = 2147483647;
			dstPath = /usr/share/man/man1/;
			dstSubfolderSpec = 0;
			files = (
			);
			runOnlyForDeploymentPostprocessing = 1;
		};
/* End PBXCopyFilesBuildPhase section */

/* Begin PBXFileReference section */
		72B5AE271F03863600E0009C /* Chapter17Example1 */ = {isa = PBXFileReference; explicitFileType = "compiled.mach-o.executable"; includeInIndex = 0; path = Chapter17Example1; sourceTree = BUILT_PRODUCTS_DIR; };
		72B5AE2A1F03863600E0009C /* main.mm */ = {isa = PBXFileReference; lastKnownFileType = sourcecode.cpp.objcpp; path = main.mm; sourceTree = "<group>"; };
		72B5AE321F03864B00E0009C /* OpenGL.framework */ = {isa = PBXFileReference; lastKnownFileType = wrapper.framework; name = OpenGL.framework; path = System/Library/Frameworks/OpenGL.framework; sourceTree = SDKROOT; };
		72B5AE341F03864E00E0009C /* GLUT.framework */ = {isa = PBXFileReference; lastKnownFileType = wrapper.framework; name = GLUT.framework; path = System/Library/Frameworks/GLUT.framework; sourceTree = SDKROOT; };
/* End PBXFileReference section */

/* Begin PBXFrameworksBuildPhase section */
		72B5AE241F03863600E0009C /* Frameworks */ = {
			isa = PBXFrameworksBuildPhase;
			buildActionMask = 2147483647;
			files = (
				72B5AE351F03864E00E0009C /* GLUT.framework in Frameworks */,
				72B5AE331F03864B00E0009C /* OpenGL.framework in Frameworks */,
			);
			runOnlyForDeploymentPostprocessing = 0;
		};
/* End PBXFrameworksBuildPhase section */

/* Begin PBXGroup section */
		72B5AE1E1F03863600E0009C = {
			isa = PBXGroup;
			children = (
				72B5AE291F03863600E0009C /* Chapter17Example1 */,
				72B5AE281F03863600E0009C /* Products */,
				72B5AE311F03864A00E0009C /* Frameworks */,
			);
			sourceTree = "<group>";
		};
		72B5AE281F03863600E0009C /* Products */ = {
			isa = PBXGroup;
			children = (
				72B5AE271F03863600E0009C /* Chapter17Example1 */,
			);
			name = Products;
			sourceTree = "<group>";
		};
		72B5AE291F03863600E0009C /* Chapter17Example1 */ = {
			isa = PBXGroup;
			children = (
				72B5AE2A1F03863600E0009C /* main.mm */,
			);
			path = Chapter17Example1;
			sourceTree = "<group>";
		};
		72B5AE311F03864A00E0009C /* Frameworks */ = {
			isa = PBXGroup;
			children = (
				72B5AE341F03864E00E0009C /* GLUT.framework */,
				72B5AE321F03864B00E0009C /* OpenGL.framework */,
			);
			name = Frameworks;
			sourceTree = "<group>";
		};
/* End PBXGroup section */

/* Begin PBXNativeTarget section */
		72B5AE261F03863600E0009C /* Chapter17Example1 */ = {
			isa = PBXNativeTarget;
			buildConfigurationList = 72B5AE2E1F03863600E0009C /* Build configuration list for PBXNativeTarget "Chapter17Example1" */;
			buildPhases = (
				72B5AE231F03863600E0009C /* Sources */,
				72B5AE241F03863600E0009C /* Frameworks */,
				72B5AE251F03863600E0009C /* CopyFiles */,
			);
			buildRules = (
			);
			dependencies = (
			);
			name = Chapter17Example1;
			productName = Chapter17Example1;
			productReference = 72B5AE271F03863600E0009C /* Chapter17Example1 */;
			productType = "com.apple.product-type.tool";
		};
/* End PBXNativeTarget section */

/* Begin PBXProject section */
		72B5AE1F1F03863600E0009C /* Project object */ = {
			isa = PBXProject;
			attributes = {
				LastUpgradeCheck = 0830;
				ORGANIZATIONNAME = "张琳琪";
				TargetAttributes = {
					72B5AE261F03863600E0009C = {
						CreatedOnToolsVersion = 8.3.3;
						DevelopmentTeam = U4M5KPXUMF;
						ProvisioningStyle = Automatic;
					};
				};
			};
			buildConfigurationList = 72B5AE221F03863600E0009C /* Build configuration list for PBXProject "Chapter17Example1" */;
			compatibilityVersion = "Xcode 3.2";
			developmentRegion = English;
			hasScannedForEncodings = 0;
			knownRegions = (
				en,
			);
			mainGroup = 72B5AE1E1F03863600E0009C;
			productRefGroup = 72B5AE281F03863600E0009C /* Products */;
			projectDirPath = "";
			projectRoot = "";
			targets = (
				72B5AE261F03863600E0009C /* Chapter17Example1 */,
			);
		};
/* End PBXProject section */

/* Begin PBXSourcesBuildPhase section */
		72B5AE231F03863600E0009C /* Sources */ = {
			isa = PBXSourcesBuildPhase;
			buildActionMask = 2147483647;
			files = (
				72B5AE2B1F03863600E0009C /* main.mm in Sources */,
			);
			runOnlyForDeploymentPostprocessing = 0;
		};
/* End PBXSourcesBuildPhase section */

/* Begin XCBuildConfiguration section */
		72B5AE2C1F03863600E0009C /* Debug */ = {
			isa = XCBuildConfiguration;
			buildSettings = {
				ALWAYS_SEARCH_USER_PATHS = NO;
				CLANG_ANALYZER_NONNULL = YES;
				CLANG_ANALYZER_NUMBER_OBJECT_CONVERSION = YES_AGGRESSIVE;
				CLANG_CXX_LANGUAGE_STANDARD = "gnu++0x";
				CLANG_CXX_LIBRARY = "libc++";
				CLANG_ENABLE_MODULES = YES;
				CLANG_ENABLE_OBJC_ARC = YES;
				CLANG_WARN_BOOL_CONVERSION = YES;
				CLANG_WARN_CONSTANT_CONVERSION = YES;
				CLANG_WARN_DIRECT_OBJC_ISA_USAGE = YES_ERROR;
				CLANG_WARN_DOCUMENTATION_COMMENTS = YES;
				CLANG_WARN_EMPTY_BODY = YES;
				CLANG_WARN_ENUM_CONVERSION = YES;
				CLANG_WARN_INFINITE_RECURSION = YES;
				CLANG_WARN_INT_CONVERSION = YES;
				CLANG_WARN_OBJC_ROOT_CLASS = YES_ERROR;
				CLANG_WARN_SUSPICIOUS_MOVE = YES;
				CLANG_WARN_UNREACHABLE_CODE = YES;
				CLANG_WARN__DUPLICATE_METHOD_MATCH = YES;
				CODE_SIGN_IDENTITY = "-";
				COPY_PHASE_STRIP = NO;
				DEBUG_INFORMATION_FORMAT = dwarf;
				ENABLE_STRICT_OBJC_MSGSEND = YES;
				ENABLE_TESTABILITY = YES;
				GCC_C_LANGUAGE_STANDARD = gnu99;
				GCC_DYNAMIC_NO_PIC = NO;
				GCC_NO_COMMON_BLOCKS = YES;
				GCC_OPTIMIZATION_LEVEL = 0;
				GCC_PREPROCESSOR_DEFINITIONS = (
					"DEBUG=1",
					"$(inherited)",
				);
				GCC_WARN_64_TO_32_BIT_CONVERSION = YES;
				GCC_WARN_ABOUT_RETURN_TYPE = YES_ERROR;
				GCC_WARN_UNDECLARED_SELECTOR = YES;
				GCC_WARN_UNINITIALIZED_AUTOS = YES_AGGRESSIVE;
				GCC_WARN_UNUSED_FUNCTION = YES;
				GCC_WARN_UNUSED_VARIABLE = YES;
				MACOSX_DEPLOYMENT_TARGET = 10.12;
				MTL_ENABLE_DEBUG_INFO = YES;
				ONLY_ACTIVE_ARCH = YES;
				SDKROOT = macosx;
			};
			name = Debug;
		};
		72B5AE2D1F03863600E0009C /* Release */ = {
			isa = XCBuildConfiguration;
			buildSettings = {
				ALWAYS_SEARCH_USER_PATHS = NO;
				CLANG_ANALYZER_NONNULL = YES;
				CLANG_ANALYZER_NUMBER_OBJECT_CONVERSION = YES_AGGRESSIVE;
				CLANG_CXX_LANGUAGE_STANDARD = "gnu++0x";
				CLANG_CXX_LIBRARY = "libc++";
				CLANG_ENABLE_MODULES = YES;
				CLANG_ENABLE_OBJC_ARC = YES;
				CLANG_WARN_BOOL_CONVERSION = YES;
				CLANG_WARN_CONSTANT_CONVERSION = YES;
				CLANG_WARN_DIRECT_OBJC_ISA_USAGE = YES_ERROR;
				CLANG_WARN_DOCUMENTATION_COMMENTS = YES;
				CLANG_WARN_EMPTY_BODY = YES;
				CLANG_WARN_ENUM_CONVERSION = YES;
				CLANG_WARN_INFINITE_RECURSION = YES;
				CLANG_WARN_INT_CONVERSION = YES;
				CLANG_WARN_OBJC_ROOT_CLASS = YES_ERROR;
				CLANG_WARN_SUSPICIOUS_MOVE = YES;
				CLANG_WARN_UNREACHABLE_CODE = YES;
				CLANG_WARN__DUPLICATE_METHOD_MATCH = YES;
				CODE_SIGN_IDENTITY = "-";
				COPY_PHASE_STRIP = NO;
				DEBUG_INFORMATION_FORMAT = "dwarf-with-dsym";
				ENABLE_NS_ASSERTIONS = NO;
				ENABLE_STRICT_OBJC_MSGSEND = YES;
				GCC_C_LANGUAGE_STANDARD = gnu99;
				GCC_NO_COMMON_BLOCKS = YES;
				GCC_WARN_64_TO_32_BIT_CONVERSION = YES;
				GCC_WARN_ABOUT_RETURN_TYPE = YES_ERROR;
				GCC_WARN_UNDECLARED_SELECTOR = YES;
				GCC_WARN_UNINITIALIZED_AUTOS = YES_AGGRESSIVE;
				GCC_WARN_UNUSED_FUNCTION = YES;
				GCC_WARN_UNUSED_VARIABLE = YES;
				MACOSX_DEPLOYMENT_TARGET = 10.12;
				MTL_ENABLE_DEBUG_INFO = NO;
				SDKROOT = macosx;
			};
			name = Release;
		};
		72B5AE2F1F03863600E0009C /* Debug */ = {
			isa = XCBuildConfiguration;
			buildSettings = {
				DEVELOPMENT_TEAM = U4M5KPXUMF;
				MACOSX_DEPLOYMENT_TARGET = 10.8;
				PRODUCT_NAME = "$(TARGET_NAME)";
			};
			name = Debug;
		};
		72B5AE301F03863600E0009C /* Release */ = {
			isa = XCBuildConfiguration;
			buildSettings = {
				DEVELOPMENT_TEAM = U4M5KPXUMF;
				MACOSX_DEPLOYMENT_TARGET = 10.8;
				PRODUCT_NAME = "$(TARGET_NAME)";
			};
			name = Release;
		};
/* End XCBuildConfiguration section */

/* Begin XCConfigurationList section */
		72B5AE221F03863600E0009C /* Build configuration list for PBXProject "Chapter17Example1" */ = {
			isa = XCConfigurationList;
			buildConfigurations = (
				72B5AE2C1F03863600E0009C /* Debug */,
				72B5AE2D1F03863600E0009C /* Release */,
			);
			defaultConfigurationIsVisible = 0;
			defaultConfigurationName = Release;
		};
		72B5AE2E1F03863600E0009C /* Build configuration list for PBXNativeTarget "Chapter17Example1" */ = {
			isa = XCConfigurationList;
			buildConfigurations = (
				72B5AE2F1F03863600E0009C /* Debug */,
				72B5AE301F03863600E0009C /* Release */,
			);
			defaultConfigurationIsVisible = 0;
		};
/* End XCConfigurationList section */
	};
	rootObject = 72B5AE1F1F03863600E0009C /* Project object */;
}
