// !$*UTF8*$!
{
	archiveVersion = 1;
	classes = {
	};
	objectVersion = 46;
	objects = {

/* Begin PBXBuildFile section */
		723D2DC41EDE834C0086E6D0 /* main.mm in Sources */ = {isa = PBXBuildFile; fileRef = 723D2DC31EDE834C0086E6D0 /* main.mm */; };
		723D2DCC1EDE83560086E6D0 /* OpenGL.framework in Frameworks */ = {isa = PBXBuildFile; fileRef = 723D2DCB1EDE83560086E6D0 /* OpenGL.framework */; };
		723D2DCE1EDE83590086E6D0 /* GLUT.framework in Frameworks */ = {isa = PBXBuildFile; fileRef = 723D2DCD1EDE83590086E6D0 /* GLUT.framework */; };
/* End PBXBuildFile section */

/* Begin PBXCopyFilesBuildPhase section */
		723D2DBE1EDE834C0086E6D0 /* CopyFiles */ = {
			isa = PBXCopyFilesBuildPhase;
			buildActionMask = 2147483647;
			dstPath = /usr/share/man/man1/;
			dstSubfolderSpec = 0;
			files = (
			);
			runOnlyForDeploymentPostprocessing = 1;
		};
/* End PBXCopyFilesBuildPhase section */

/* Begin PBXFileReference section */
		723D2DC01EDE834C0086E6D0 /* Chapter8Example4 */ = {isa = PBXFileReference; explicitFileType = "compiled.mach-o.executable"; includeInIndex = 0; path = Chapter8Example4; sourceTree = BUILT_PRODUCTS_DIR; };
		723D2DC31EDE834C0086E6D0 /* main.mm */ = {isa = PBXFileReference; lastKnownFileType = sourcecode.cpp.objcpp; path = main.mm; sourceTree = "<group>"; };
		723D2DCB1EDE83560086E6D0 /* OpenGL.framework */ = {isa = PBXFileReference; lastKnownFileType = wrapper.framework; name = OpenGL.framework; path = System/Library/Frameworks/OpenGL.framework; sourceTree = SDKROOT; };
		723D2DCD1EDE83590086E6D0 /* GLUT.framework */ = {isa = PBXFileReference; lastKnownFileType = wrapper.framework; name = GLUT.framework; path = System/Library/Frameworks/GLUT.framework; sourceTree = SDKROOT; };
/* End PBXFileReference section */

/* Begin PBXFrameworksBuildPhase section */
		723D2DBD1EDE834C0086E6D0 /* Frameworks */ = {
			isa = PBXFrameworksBuildPhase;
			buildActionMask = 2147483647;
			files = (
				723D2DCE1EDE83590086E6D0 /* GLUT.framework in Frameworks */,
				723D2DCC1EDE83560086E6D0 /* OpenGL.framework in Frameworks */,
			);
			runOnlyForDeploymentPostprocessing = 0;
		};
/* End PBXFrameworksBuildPhase section */

/* Begin PBXGroup section */
		723D2DB71EDE834C0086E6D0 = {
			isa = PBXGroup;
			children = (
				723D2DC21EDE834C0086E6D0 /* Chapter8Example4 */,
				723D2DC11EDE834C0086E6D0 /* Products */,
				723D2DCA1EDE83560086E6D0 /* Frameworks */,
			);
			sourceTree = "<group>";
		};
		723D2DC11EDE834C0086E6D0 /* Products */ = {
			isa = PBXGroup;
			children = (
				723D2DC01EDE834C0086E6D0 /* Chapter8Example4 */,
			);
			name = Products;
			sourceTree = "<group>";
		};
		723D2DC21EDE834C0086E6D0 /* Chapter8Example4 */ = {
			isa = PBXGroup;
			children = (
				723D2DC31EDE834C0086E6D0 /* main.mm */,
			);
			path = Chapter8Example4;
			sourceTree = "<group>";
		};
		723D2DCA1EDE83560086E6D0 /* Frameworks */ = {
			isa = PBXGroup;
			children = (
				723D2DCD1EDE83590086E6D0 /* GLUT.framework */,
				723D2DCB1EDE83560086E6D0 /* OpenGL.framework */,
			);
			name = Frameworks;
			sourceTree = "<group>";
		};
/* End PBXGroup section */

/* Begin PBXNativeTarget section */
		723D2DBF1EDE834C0086E6D0 /* Chapter8Example4 */ = {
			isa = PBXNativeTarget;
			buildConfigurationList = 723D2DC71EDE834C0086E6D0 /* Build configuration list for PBXNativeTarget "Chapter8Example4" */;
			buildPhases = (
				723D2DBC1EDE834C0086E6D0 /* Sources */,
				723D2DBD1EDE834C0086E6D0 /* Frameworks */,
				723D2DBE1EDE834C0086E6D0 /* CopyFiles */,
			);
			buildRules = (
			);
			dependencies = (
			);
			name = Chapter8Example4;
			productName = Chapter8Example4;
			productReference = 723D2DC01EDE834C0086E6D0 /* Chapter8Example4 */;
			productType = "com.apple.product-type.tool";
		};
/* End PBXNativeTarget section */

/* Begin PBXProject section */
		723D2DB81EDE834C0086E6D0 /* Project object */ = {
			isa = PBXProject;
			attributes = {
				LastUpgradeCheck = 0830;
				ORGANIZATIONNAME = "张琳琪";
				TargetAttributes = {
					723D2DBF1EDE834C0086E6D0 = {
						CreatedOnToolsVersion = 8.3.2;
						ProvisioningStyle = Automatic;
					};
				};
			};
			buildConfigurationList = 723D2DBB1EDE834C0086E6D0 /* Build configuration list for PBXProject "Chapter8Example4" */;
			compatibilityVersion = "Xcode 3.2";
			developmentRegion = English;
			hasScannedForEncodings = 0;
			knownRegions = (
				en,
			);
			mainGroup = 723D2DB71EDE834C0086E6D0;
			productRefGroup = 723D2DC11EDE834C0086E6D0 /* Products */;
			projectDirPath = "";
			projectRoot = "";
			targets = (
				723D2DBF1EDE834C0086E6D0 /* Chapter8Example4 */,
			);
		};
/* End PBXProject section */

/* Begin PBXSourcesBuildPhase section */
		723D2DBC1EDE834C0086E6D0 /* Sources */ = {
			isa = PBXSourcesBuildPhase;
			buildActionMask = 2147483647;
			files = (
				723D2DC41EDE834C0086E6D0 /* main.mm in Sources */,
			);
			runOnlyForDeploymentPostprocessing = 0;
		};
/* End PBXSourcesBuildPhase section */

/* Begin XCBuildConfiguration section */
		723D2DC51EDE834C0086E6D0 /* Debug */ = {
			isa = XCBuildConfiguration;
			buildSettings = {
				ALWAYS_SEARCH_USER_PATHS = NO;
				CLANG_ANALYZER_NONNULL = YES;
				CLANG_ANALYZER_NUMBER_OBJECT_CONVERSION = YES_AGGRESSIVE;
				CLANG_CXX_LANGUAGE_STANDARD = "gnu++0x";
				CLANG_CXX_LIBRARY = "libc++";
				CLANG_ENABLE_MODULES = YES;
				CLANG_ENABLE_OBJC_ARC = YES;
				CLANG_WARN_BOOL_CONVERSION = YES;
				CLANG_WARN_CONSTANT_CONVERSION = YES;
				CLANG_WARN_DIRECT_OBJC_ISA_USAGE = YES_ERROR;
				CLANG_WARN_DOCUMENTATION_COMMENTS = YES;
				CLANG_WARN_EMPTY_BODY = YES;
				CLANG_WARN_ENUM_CONVERSION = YES;
				CLANG_WARN_INFINITE_RECURSION = YES;
				CLANG_WARN_INT_CONVERSION = YES;
				CLANG_WARN_OBJC_ROOT_CLASS = YES_ERROR;
				CLANG_WARN_SUSPICIOUS_MOVE = YES;
				CLANG_WARN_UNREACHABLE_CODE = YES;
				CLANG_WARN__DUPLICATE_METHOD_MATCH = YES;
				CODE_SIGN_IDENTITY = "-";
				COPY_PHASE_STRIP = NO;
				DEBUG_INFORMATION_FORMAT = dwarf;
				ENABLE_STRICT_OBJC_MSGSEND = YES;
				ENABLE_TESTABILITY = YES;
				GCC_C_LANGUAGE_STANDARD = gnu99;
				GCC_DYNAMIC_NO_PIC = NO;
				GCC_NO_COMMON_BLOCKS = YES;
				GCC_OPTIMIZATION_LEVEL = 0;
				GCC_PREPROCESSOR_DEFINITIONS = (
					"DEBUG=1",
					"$(inherited)",
				);
				GCC_WARN_64_TO_32_BIT_CONVERSION = YES;
				GCC_WARN_ABOUT_RETURN_TYPE = YES_ERROR;
				GCC_WARN_UNDECLARED_SELECTOR = YES;
				GCC_WARN_UNINITIALIZED_AUTOS = YES_AGGRESSIVE;
				GCC_WARN_UNUSED_FUNCTION = YES;
				GCC_WARN_UNUSED_VARIABLE = YES;
				MACOSX_DEPLOYMENT_TARGET = 10.12;
				MTL_ENABLE_DEBUG_INFO = YES;
				ONLY_ACTIVE_ARCH = YES;
				SDKROOT = macosx;
			};
			name = Debug;
		};
		723D2DC61EDE834C0086E6D0 /* Release */ = {
			isa = XCBuildConfiguration;
			buildSettings = {
				ALWAYS_SEARCH_USER_PATHS = NO;
				CLANG_ANALYZER_NONNULL = YES;
				CLANG_ANALYZER_NUMBER_OBJECT_CONVERSION = YES_AGGRESSIVE;
				CLANG_CXX_LANGUAGE_STANDARD = "gnu++0x";
				CLANG_CXX_LIBRARY = "libc++";
				CLANG_ENABLE_MODULES = YES;
				CLANG_ENABLE_OBJC_ARC = YES;
				CLANG_WARN_BOOL_CONVERSION = YES;
				CLANG_WARN_CONSTANT_CONVERSION = YES;
				CLANG_WARN_DIRECT_OBJC_ISA_USAGE = YES_ERROR;
				CLANG_WARN_DOCUMENTATION_COMMENTS = YES;
				CLANG_WARN_EMPTY_BODY = YES;
				CLANG_WARN_ENUM_CONVERSION = YES;
				CLANG_WARN_INFINITE_RECURSION = YES;
				CLANG_WARN_INT_CONVERSION = YES;
				CLANG_WARN_OBJC_ROOT_CLASS = YES_ERROR;
				CLANG_WARN_SUSPICIOUS_MOVE = YES;
				CLANG_WARN_UNREACHABLE_CODE = YES;
				CLANG_WARN__DUPLICATE_METHOD_MATCH = YES;
				CODE_SIGN_IDENTITY = "-";
				COPY_PHASE_STRIP = NO;
				DEBUG_INFORMATION_FORMAT = "dwarf-with-dsym";
				ENABLE_NS_ASSERTIONS = NO;
				ENABLE_STRICT_OBJC_MSGSEND = YES;
				GCC_C_LANGUAGE_STANDARD = gnu99;
				GCC_NO_COMMON_BLOCKS = YES;
				GCC_WARN_64_TO_32_BIT_CONVERSION = YES;
				GCC_WARN_ABOUT_RETURN_TYPE = YES_ERROR;
				GCC_WARN_UNDECLARED_SELECTOR = YES;
				GCC_WARN_UNINITIALIZED_AUTOS = YES_AGGRESSIVE;
				GCC_WARN_UNUSED_FUNCTION = YES;
				GCC_WARN_UNUSED_VARIABLE = YES;
				MACOSX_DEPLOYMENT_TARGET = 10.12;
				MTL_ENABLE_DEBUG_INFO = NO;
				SDKROOT = macosx;
			};
			name = Release;
		};
		723D2DC81EDE834C0086E6D0 /* Debug */ = {
			isa = XCBuildConfiguration;
			buildSettings = {
				MACOSX_DEPLOYMENT_TARGET = 10.8;
				PRODUCT_NAME = "$(TARGET_NAME)";
			};
			name = Debug;
		};
		723D2DC91EDE834C0086E6D0 /* Release */ = {
			isa = XCBuildConfiguration;
			buildSettings = {
				MACOSX_DEPLOYMENT_TARGET = 10.8;
				PRODUCT_NAME = "$(TARGET_NAME)";
			};
			name = Release;
		};
/* End XCBuildConfiguration section */

/* Begin XCConfigurationList section */
		723D2DBB1EDE834C0086E6D0 /* Build configuration list for PBXProject "Chapter8Example4" */ = {
			isa = XCConfigurationList;
			buildConfigurations = (
				723D2DC51EDE834C0086E6D0 /* Debug */,
				723D2DC61EDE834C0086E6D0 /* Release */,
			);
			defaultConfigurationIsVisible = 0;
			defaultConfigurationName = Release;
		};
		723D2DC71EDE834C0086E6D0 /* Build configuration list for PBXNativeTarget "Chapter8Example4" */ = {
			isa = XCConfigurationList;
			buildConfigurations = (
				723D2DC81EDE834C0086E6D0 /* Debug */,
				723D2DC91EDE834C0086E6D0 /* Release */,
			);
			defaultConfigurationIsVisible = 0;
		};
/* End XCConfigurationList section */
	};
	rootObject = 723D2DB81EDE834C0086E6D0 /* Project object */;
}
