// !$*UTF8*$!
{
	archiveVersion = 1;
	classes = {
	};
	objectVersion = 46;
	objects = {

/* Begin PBXBuildFile section */
		72332A291EADFCC000A725A8 /* main.mm in Sources */ = {isa = PBXBuildFile; fileRef = 72332A281EADFCC000A725A8 /* main.mm */; };
		72332A311EADFCFF00A725A8 /* OpenGL.framework in Frameworks */ = {isa = PBXBuildFile; fileRef = 72332A301EADFCFF00A725A8 /* OpenGL.framework */; };
		72332A331EADFD0400A725A8 /* GLUT.framework in Frameworks */ = {isa = PBXBuildFile; fileRef = 72332A321EADFD0400A725A8 /* GLUT.framework */; };
/* End PBXBuildFile section */

/* Begin PBXCopyFilesBuildPhase section */
		72332A231EADFCC000A725A8 /* CopyFiles */ = {
			isa = PBXCopyFilesBuildPhase;
			buildActionMask = 2147483647;
			dstPath = /usr/share/man/man1/;
			dstSubfolderSpec = 0;
			files = (
			);
			runOnlyForDeploymentPostprocessing = 1;
		};
/* End PBXCopyFilesBuildPhase section */

/* Begin PBXFileReference section */
		72332A251EADFCC000A725A8 /* Chapter5Example1 */ = {isa = PBXFileReference; explicitFileType = "compiled.mach-o.executable"; includeInIndex = 0; path = Chapter5Example1; sourceTree = BUILT_PRODUCTS_DIR; };
		72332A281EADFCC000A725A8 /* main.mm */ = {isa = PBXFileReference; lastKnownFileType = sourcecode.cpp.objcpp; path = main.mm; sourceTree = "<group>"; };
		72332A301EADFCFF00A725A8 /* OpenGL.framework */ = {isa = PBXFileReference; lastKnownFileType = wrapper.framework; name = OpenGL.framework; path = System/Library/Frameworks/OpenGL.framework; sourceTree = SDKROOT; };
		72332A321EADFD0400A725A8 /* GLUT.framework */ = {isa = PBXFileReference; lastKnownFileType = wrapper.framework; name = GLUT.framework; path = System/Library/Frameworks/GLUT.framework; sourceTree = SDKROOT; };
/* End PBXFileReference section */

/* Begin PBXFrameworksBuildPhase section */
		72332A221EADFCC000A725A8 /* Frameworks */ = {
			isa = PBXFrameworksBuildPhase;
			buildActionMask = 2147483647;
			files = (
				72332A331EADFD0400A725A8 /* GLUT.framework in Frameworks */,
				72332A311EADFCFF00A725A8 /* OpenGL.framework in Frameworks */,
			);
			runOnlyForDeploymentPostprocessing = 0;
		};
/* End PBXFrameworksBuildPhase section */

/* Begin PBXGroup section */
		72332A1C1EADFCC000A725A8 = {
			isa = PBXGroup;
			children = (
				72332A271EADFCC000A725A8 /* Chapter5Example1 */,
				72332A261EADFCC000A725A8 /* Products */,
				72332A2F1EADFCFF00A725A8 /* Frameworks */,
			);
			sourceTree = "<group>";
		};
		72332A261EADFCC000A725A8 /* Products */ = {
			isa = PBXGroup;
			children = (
				72332A251EADFCC000A725A8 /* Chapter5Example1 */,
			);
			name = Products;
			sourceTree = "<group>";
		};
		72332A271EADFCC000A725A8 /* Chapter5Example1 */ = {
			isa = PBXGroup;
			children = (
				72332A281EADFCC000A725A8 /* main.mm */,
			);
			path = Chapter5Example1;
			sourceTree = "<group>";
		};
		72332A2F1EADFCFF00A725A8 /* Frameworks */ = {
			isa = PBXGroup;
			children = (
				72332A321EADFD0400A725A8 /* GLUT.framework */,
				72332A301EADFCFF00A725A8 /* OpenGL.framework */,
			);
			name = Frameworks;
			sourceTree = "<group>";
		};
/* End PBXGroup section */

/* Begin PBXNativeTarget section */
		72332A241EADFCC000A725A8 /* Chapter5Example1 */ = {
			isa = PBXNativeTarget;
			buildConfigurationList = 72332A2C1EADFCC000A725A8 /* Build configuration list for PBXNativeTarget "Chapter5Example1" */;
			buildPhases = (
				72332A211EADFCC000A725A8 /* Sources */,
				72332A221EADFCC000A725A8 /* Frameworks */,
				72332A231EADFCC000A725A8 /* CopyFiles */,
			);
			buildRules = (
			);
			dependencies = (
			);
			name = Chapter5Example1;
			productName = Chapter5Example1;
			productReference = 72332A251EADFCC000A725A8 /* Chapter5Example1 */;
			productType = "com.apple.product-type.tool";
		};
/* End PBXNativeTarget section */

/* Begin PBXProject section */
		72332A1D1EADFCC000A725A8 /* Project object */ = {
			isa = PBXProject;
			attributes = {
				LastUpgradeCheck = 0830;
				ORGANIZATIONNAME = "张琳琪";
				TargetAttributes = {
					72332A241EADFCC000A725A8 = {
						CreatedOnToolsVersion = 8.3.2;
						ProvisioningStyle = Automatic;
					};
				};
			};
			buildConfigurationList = 72332A201EADFCC000A725A8 /* Build configuration list for PBXProject "Chapter5Example1" */;
			compatibilityVersion = "Xcode 3.2";
			developmentRegion = English;
			hasScannedForEncodings = 0;
			knownRegions = (
				en,
			);
			mainGroup = 72332A1C1EADFCC000A725A8;
			productRefGroup = 72332A261EADFCC000A725A8 /* Products */;
			projectDirPath = "";
			projectRoot = "";
			targets = (
				72332A241EADFCC000A725A8 /* Chapter5Example1 */,
			);
		};
/* End PBXProject section */

/* Begin PBXSourcesBuildPhase section */
		72332A211EADFCC000A725A8 /* Sources */ = {
			isa = PBXSourcesBuildPhase;
			buildActionMask = 2147483647;
			files = (
				72332A291EADFCC000A725A8 /* main.mm in Sources */,
			);
			runOnlyForDeploymentPostprocessing = 0;
		};
/* End PBXSourcesBuildPhase section */

/* Begin XCBuildConfiguration section */
		72332A2A1EADFCC000A725A8 /* Debug */ = {
			isa = XCBuildConfiguration;
			buildSettings = {
				ALWAYS_SEARCH_USER_PATHS = NO;
				CLANG_ANALYZER_NONNULL = YES;
				CLANG_ANALYZER_NUMBER_OBJECT_CONVERSION = YES_AGGRESSIVE;
				CLANG_CXX_LANGUAGE_STANDARD = "gnu++0x";
				CLANG_CXX_LIBRARY = "libc++";
				CLANG_ENABLE_MODULES = YES;
				CLANG_ENABLE_OBJC_ARC = YES;
				CLANG_WARN_BOOL_CONVERSION = YES;
				CLANG_WARN_CONSTANT_CONVERSION = YES;
				CLANG_WARN_DIRECT_OBJC_ISA_USAGE = YES_ERROR;
				CLANG_WARN_DOCUMENTATION_COMMENTS = YES;
				CLANG_WARN_EMPTY_BODY = YES;
				CLANG_WARN_ENUM_CONVERSION = YES;
				CLANG_WARN_INFINITE_RECURSION = YES;
				CLANG_WARN_INT_CONVERSION = YES;
				CLANG_WARN_OBJC_ROOT_CLASS = YES_ERROR;
				CLANG_WARN_SUSPICIOUS_MOVE = YES;
				CLANG_WARN_UNREACHABLE_CODE = YES;
				CLANG_WARN__DUPLICATE_METHOD_MATCH = YES;
				CODE_SIGN_IDENTITY = "-";
				COPY_PHASE_STRIP = NO;
				DEBUG_INFORMATION_FORMAT = dwarf;
				ENABLE_STRICT_OBJC_MSGSEND = YES;
				ENABLE_TESTABILITY = YES;
				GCC_C_LANGUAGE_STANDARD = gnu99;
				GCC_DYNAMIC_NO_PIC = NO;
				GCC_NO_COMMON_BLOCKS = YES;
				GCC_OPTIMIZATION_LEVEL = 0;
				GCC_PREPROCESSOR_DEFINITIONS = (
					"DEBUG=1",
					"$(inherited)",
				);
				GCC_WARN_64_TO_32_BIT_CONVERSION = YES;
				GCC_WARN_ABOUT_RETURN_TYPE = YES_ERROR;
				GCC_WARN_UNDECLARED_SELECTOR = YES;
				GCC_WARN_UNINITIALIZED_AUTOS = YES_AGGRESSIVE;
				GCC_WARN_UNUSED_FUNCTION = YES;
				GCC_WARN_UNUSED_VARIABLE = YES;
				MACOSX_DEPLOYMENT_TARGET = 10.12;
				MTL_ENABLE_DEBUG_INFO = YES;
				ONLY_ACTIVE_ARCH = YES;
				SDKROOT = macosx;
			};
			name = Debug;
		};
		72332A2B1EADFCC000A725A8 /* Release */ = {
			isa = XCBuildConfiguration;
			buildSettings = {
				ALWAYS_SEARCH_USER_PATHS = NO;
				CLANG_ANALYZER_NONNULL = YES;
				CLANG_ANALYZER_NUMBER_OBJECT_CONVERSION = YES_AGGRESSIVE;
				CLANG_CXX_LANGUAGE_STANDARD = "gnu++0x";
				CLANG_CXX_LIBRARY = "libc++";
				CLANG_ENABLE_MODULES = YES;
				CLANG_ENABLE_OBJC_ARC = YES;
				CLANG_WARN_BOOL_CONVERSION = YES;
				CLANG_WARN_CONSTANT_CONVERSION = YES;
				CLANG_WARN_DIRECT_OBJC_ISA_USAGE = YES_ERROR;
				CLANG_WARN_DOCUMENTATION_COMMENTS = YES;
				CLANG_WARN_EMPTY_BODY = YES;
				CLANG_WARN_ENUM_CONVERSION = YES;
				CLANG_WARN_INFINITE_RECURSION = YES;
				CLANG_WARN_INT_CONVERSION = YES;
				CLANG_WARN_OBJC_ROOT_CLASS = YES_ERROR;
				CLANG_WARN_SUSPICIOUS_MOVE = YES;
				CLANG_WARN_UNREACHABLE_CODE = YES;
				CLANG_WARN__DUPLICATE_METHOD_MATCH = YES;
				CODE_SIGN_IDENTITY = "-";
				COPY_PHASE_STRIP = NO;
				DEBUG_INFORMATION_FORMAT = "dwarf-with-dsym";
				ENABLE_NS_ASSERTIONS = NO;
				ENABLE_STRICT_OBJC_MSGSEND = YES;
				GCC_C_LANGUAGE_STANDARD = gnu99;
				GCC_NO_COMMON_BLOCKS = YES;
				GCC_WARN_64_TO_32_BIT_CONVERSION = YES;
				GCC_WARN_ABOUT_RETURN_TYPE = YES_ERROR;
				GCC_WARN_UNDECLARED_SELECTOR = YES;
				GCC_WARN_UNINITIALIZED_AUTOS = YES_AGGRESSIVE;
				GCC_WARN_UNUSED_FUNCTION = YES;
				GCC_WARN_UNUSED_VARIABLE = YES;
				MACOSX_DEPLOYMENT_TARGET = 10.12;
				MTL_ENABLE_DEBUG_INFO = NO;
				SDKROOT = macosx;
			};
			name = Release;
		};
		72332A2D1EADFCC000A725A8 /* Debug */ = {
			isa = XCBuildConfiguration;
			buildSettings = {
				MACOSX_DEPLOYMENT_TARGET = 10.8;
				PRODUCT_NAME = "$(TARGET_NAME)";
			};
			name = Debug;
		};
		72332A2E1EADFCC000A725A8 /* Release */ = {
			isa = XCBuildConfiguration;
			buildSettings = {
				MACOSX_DEPLOYMENT_TARGET = 10.8;
				PRODUCT_NAME = "$(TARGET_NAME)";
			};
			name = Release;
		};
/* End XCBuildConfiguration section */

/* Begin XCConfigurationList section */
		72332A201EADFCC000A725A8 /* Build configuration list for PBXProject "Chapter5Example1" */ = {
			isa = XCConfigurationList;
			buildConfigurations = (
				72332A2A1EADFCC000A725A8 /* Debug */,
				72332A2B1EADFCC000A725A8 /* Release */,
			);
			defaultConfigurationIsVisible = 0;
			defaultConfigurationName = Release;
		};
		72332A2C1EADFCC000A725A8 /* Build configuration list for PBXNativeTarget "Chapter5Example1" */ = {
			isa = XCConfigurationList;
			buildConfigurations = (
				72332A2D1EADFCC000A725A8 /* Debug */,
				72332A2E1EADFCC000A725A8 /* Release */,
			);
			defaultConfigurationIsVisible = 0;
		};
/* End XCConfigurationList section */
	};
	rootObject = 72332A1D1EADFCC000A725A8 /* Project object */;
}
