// !$*UTF8*$!
{
	archiveVersion = 1;
	classes = {
	};
	objectVersion = 46;
	objects = {

/* Begin PBXBuildFile section */
		7200EA621EF8D973009E3EB1 /* main.mm in Sources */ = {isa = PBXBuildFile; fileRef = 7200EA611EF8D973009E3EB1 /* main.mm */; };
		7200EA6A1EF8D97A009E3EB1 /* GLUT.framework in Frameworks */ = {isa = PBXBuildFile; fileRef = 7200EA691EF8D97A009E3EB1 /* GLUT.framework */; };
		7200EA6C1EF8D97C009E3EB1 /* OpenGL.framework in Frameworks */ = {isa = PBXBuildFile; fileRef = 7200EA6B1EF8D97C009E3EB1 /* OpenGL.framework */; };
/* End PBXBuildFile section */

/* Begin PBXCopyFilesBuildPhase section */
		7200EA5C1EF8D973009E3EB1 /* CopyFiles */ = {
			isa = PBXCopyFilesBuildPhase;
			buildActionMask = 2147483647;
			dstPath = /usr/share/man/man1/;
			dstSubfolderSpec = 0;
			files = (
			);
			runOnlyForDeploymentPostprocessing = 1;
		};
/* End PBXCopyFilesBuildPhase section */

/* Begin PBXFileReference section */
		7200EA5E1EF8D973009E3EB1 /* Chapter14Example4 */ = {isa = PBXFileReference; explicitFileType = "compiled.mach-o.executable"; includeInIndex = 0; path = Chapter14Example4; sourceTree = BUILT_PRODUCTS_DIR; };
		7200EA611EF8D973009E3EB1 /* main.mm */ = {isa = PBXFileReference; lastKnownFileType = sourcecode.cpp.objcpp; path = main.mm; sourceTree = "<group>"; };
		7200EA691EF8D97A009E3EB1 /* GLUT.framework */ = {isa = PBXFileReference; lastKnownFileType = wrapper.framework; name = GLUT.framework; path = System/Library/Frameworks/GLUT.framework; sourceTree = SDKROOT; };
		7200EA6B1EF8D97C009E3EB1 /* OpenGL.framework */ = {isa = PBXFileReference; lastKnownFileType = wrapper.framework; name = OpenGL.framework; path = System/Library/Frameworks/OpenGL.framework; sourceTree = SDKROOT; };
/* End PBXFileReference section */

/* Begin PBXFrameworksBuildPhase section */
		7200EA5B1EF8D973009E3EB1 /* Frameworks */ = {
			isa = PBXFrameworksBuildPhase;
			buildActionMask = 2147483647;
			files = (
				7200EA6C1EF8D97C009E3EB1 /* OpenGL.framework in Frameworks */,
				7200EA6A1EF8D97A009E3EB1 /* GLUT.framework in Frameworks */,
			);
			runOnlyForDeploymentPostprocessing = 0;
		};
/* End PBXFrameworksBuildPhase section */

/* Begin PBXGroup section */
		7200EA551EF8D973009E3EB1 = {
			isa = PBXGroup;
			children = (
				7200EA601EF8D973009E3EB1 /* Chapter14Example4 */,
				7200EA5F1EF8D973009E3EB1 /* Products */,
				7200EA681EF8D97A009E3EB1 /* Frameworks */,
			);
			sourceTree = "<group>";
		};
		7200EA5F1EF8D973009E3EB1 /* Products */ = {
			isa = PBXGroup;
			children = (
				7200EA5E1EF8D973009E3EB1 /* Chapter14Example4 */,
			);
			name = Products;
			sourceTree = "<group>";
		};
		7200EA601EF8D973009E3EB1 /* Chapter14Example4 */ = {
			isa = PBXGroup;
			children = (
				7200EA611EF8D973009E3EB1 /* main.mm */,
			);
			path = Chapter14Example4;
			sourceTree = "<group>";
		};
		7200EA681EF8D97A009E3EB1 /* Frameworks */ = {
			isa = PBXGroup;
			children = (
				7200EA6B1EF8D97C009E3EB1 /* OpenGL.framework */,
				7200EA691EF8D97A009E3EB1 /* GLUT.framework */,
			);
			name = Frameworks;
			sourceTree = "<group>";
		};
/* End PBXGroup section */

/* Begin PBXNativeTarget section */
		7200EA5D1EF8D973009E3EB1 /* Chapter14Example4 */ = {
			isa = PBXNativeTarget;
			buildConfigurationList = 7200EA651EF8D973009E3EB1 /* Build configuration list for PBXNativeTarget "Chapter14Example4" */;
			buildPhases = (
				7200EA5A1EF8D973009E3EB1 /* Sources */,
				7200EA5B1EF8D973009E3EB1 /* Frameworks */,
				7200EA5C1EF8D973009E3EB1 /* CopyFiles */,
			);
			buildRules = (
			);
			dependencies = (
			);
			name = Chapter14Example4;
			productName = Chapter14Example4;
			productReference = 7200EA5E1EF8D973009E3EB1 /* Chapter14Example4 */;
			productType = "com.apple.product-type.tool";
		};
/* End PBXNativeTarget section */

/* Begin PBXProject section */
		7200EA561EF8D973009E3EB1 /* Project object */ = {
			isa = PBXProject;
			attributes = {
				LastUpgradeCheck = 0830;
				ORGANIZATIONNAME = "张琳琪";
				TargetAttributes = {
					7200EA5D1EF8D973009E3EB1 = {
						CreatedOnToolsVersion = 8.3.2;
						ProvisioningStyle = Automatic;
					};
				};
			};
			buildConfigurationList = 7200EA591EF8D973009E3EB1 /* Build configuration list for PBXProject "Chapter14Example4" */;
			compatibilityVersion = "Xcode 3.2";
			developmentRegion = English;
			hasScannedForEncodings = 0;
			knownRegions = (
				en,
			);
			mainGroup = 7200EA551EF8D973009E3EB1;
			productRefGroup = 7200EA5F1EF8D973009E3EB1 /* Products */;
			projectDirPath = "";
			projectRoot = "";
			targets = (
				7200EA5D1EF8D973009E3EB1 /* Chapter14Example4 */,
			);
		};
/* End PBXProject section */

/* Begin PBXSourcesBuildPhase section */
		7200EA5A1EF8D973009E3EB1 /* Sources */ = {
			isa = PBXSourcesBuildPhase;
			buildActionMask = 2147483647;
			files = (
				7200EA621EF8D973009E3EB1 /* main.mm in Sources */,
			);
			runOnlyForDeploymentPostprocessing = 0;
		};
/* End PBXSourcesBuildPhase section */

/* Begin XCBuildConfiguration section */
		7200EA631EF8D973009E3EB1 /* Debug */ = {
			isa = XCBuildConfiguration;
			buildSettings = {
				ALWAYS_SEARCH_USER_PATHS = NO;
				CLANG_ANALYZER_NONNULL = YES;
				CLANG_ANALYZER_NUMBER_OBJECT_CONVERSION = YES_AGGRESSIVE;
				CLANG_CXX_LANGUAGE_STANDARD = "gnu++0x";
				CLANG_CXX_LIBRARY = "libc++";
				CLANG_ENABLE_MODULES = YES;
				CLANG_ENABLE_OBJC_ARC = YES;
				CLANG_WARN_BOOL_CONVERSION = YES;
				CLANG_WARN_CONSTANT_CONVERSION = YES;
				CLANG_WARN_DIRECT_OBJC_ISA_USAGE = YES_ERROR;
				CLANG_WARN_DOCUMENTATION_COMMENTS = YES;
				CLANG_WARN_EMPTY_BODY = YES;
				CLANG_WARN_ENUM_CONVERSION = YES;
				CLANG_WARN_INFINITE_RECURSION = YES;
				CLANG_WARN_INT_CONVERSION = YES;
				CLANG_WARN_OBJC_ROOT_CLASS = YES_ERROR;
				CLANG_WARN_SUSPICIOUS_MOVE = YES;
				CLANG_WARN_UNREACHABLE_CODE = YES;
				CLANG_WARN__DUPLICATE_METHOD_MATCH = YES;
				CODE_SIGN_IDENTITY = "-";
				COPY_PHASE_STRIP = NO;
				DEBUG_INFORMATION_FORMAT = dwarf;
				ENABLE_STRICT_OBJC_MSGSEND = YES;
				ENABLE_TESTABILITY = YES;
				GCC_C_LANGUAGE_STANDARD = gnu99;
				GCC_DYNAMIC_NO_PIC = NO;
				GCC_NO_COMMON_BLOCKS = YES;
				GCC_OPTIMIZATION_LEVEL = 0;
				GCC_PREPROCESSOR_DEFINITIONS = (
					"DEBUG=1",
					"$(inherited)",
				);
				GCC_WARN_64_TO_32_BIT_CONVERSION = YES;
				GCC_WARN_ABOUT_RETURN_TYPE = YES_ERROR;
				GCC_WARN_UNDECLARED_SELECTOR = YES;
				GCC_WARN_UNINITIALIZED_AUTOS = YES_AGGRESSIVE;
				GCC_WARN_UNUSED_FUNCTION = YES;
				GCC_WARN_UNUSED_VARIABLE = YES;
				MACOSX_DEPLOYMENT_TARGET = 10.12;
				MTL_ENABLE_DEBUG_INFO = YES;
				ONLY_ACTIVE_ARCH = YES;
				SDKROOT = macosx;
			};
			name = Debug;
		};
		7200EA641EF8D973009E3EB1 /* Release */ = {
			isa = XCBuildConfiguration;
			buildSettings = {
				ALWAYS_SEARCH_USER_PATHS = NO;
				CLANG_ANALYZER_NONNULL = YES;
				CLANG_ANALYZER_NUMBER_OBJECT_CONVERSION = YES_AGGRESSIVE;
				CLANG_CXX_LANGUAGE_STANDARD = "gnu++0x";
				CLANG_CXX_LIBRARY = "libc++";
				CLANG_ENABLE_MODULES = YES;
				CLANG_ENABLE_OBJC_ARC = YES;
				CLANG_WARN_BOOL_CONVERSION = YES;
				CLANG_WARN_CONSTANT_CONVERSION = YES;
				CLANG_WARN_DIRECT_OBJC_ISA_USAGE = YES_ERROR;
				CLANG_WARN_DOCUMENTATION_COMMENTS = YES;
				CLANG_WARN_EMPTY_BODY = YES;
				CLANG_WARN_ENUM_CONVERSION = YES;
				CLANG_WARN_INFINITE_RECURSION = YES;
				CLANG_WARN_INT_CONVERSION = YES;
				CLANG_WARN_OBJC_ROOT_CLASS = YES_ERROR;
				CLANG_WARN_SUSPICIOUS_MOVE = YES;
				CLANG_WARN_UNREACHABLE_CODE = YES;
				CLANG_WARN__DUPLICATE_METHOD_MATCH = YES;
				CODE_SIGN_IDENTITY = "-";
				COPY_PHASE_STRIP = NO;
				DEBUG_INFORMATION_FORMAT = "dwarf-with-dsym";
				ENABLE_NS_ASSERTIONS = NO;
				ENABLE_STRICT_OBJC_MSGSEND = YES;
				GCC_C_LANGUAGE_STANDARD = gnu99;
				GCC_NO_COMMON_BLOCKS = YES;
				GCC_WARN_64_TO_32_BIT_CONVERSION = YES;
				GCC_WARN_ABOUT_RETURN_TYPE = YES_ERROR;
				GCC_WARN_UNDECLARED_SELECTOR = YES;
				GCC_WARN_UNINITIALIZED_AUTOS = YES_AGGRESSIVE;
				GCC_WARN_UNUSED_FUNCTION = YES;
				GCC_WARN_UNUSED_VARIABLE = YES;
				MACOSX_DEPLOYMENT_TARGET = 10.12;
				MTL_ENABLE_DEBUG_INFO = NO;
				SDKROOT = macosx;
			};
			name = Release;
		};
		7200EA661EF8D973009E3EB1 /* Debug */ = {
			isa = XCBuildConfiguration;
			buildSettings = {
				MACOSX_DEPLOYMENT_TARGET = 10.8;
				PRODUCT_NAME = "$(TARGET_NAME)";
			};
			name = Debug;
		};
		7200EA671EF8D973009E3EB1 /* Release */ = {
			isa = XCBuildConfiguration;
			buildSettings = {
				MACOSX_DEPLOYMENT_TARGET = 10.8;
				PRODUCT_NAME = "$(TARGET_NAME)";
			};
			name = Release;
		};
/* End XCBuildConfiguration section */

/* Begin XCConfigurationList section */
		7200EA591EF8D973009E3EB1 /* Build configuration list for PBXProject "Chapter14Example4" */ = {
			isa = XCConfigurationList;
			buildConfigurations = (
				7200EA631EF8D973009E3EB1 /* Debug */,
				7200EA641EF8D973009E3EB1 /* Release */,
			);
			defaultConfigurationIsVisible = 0;
			defaultConfigurationName = Release;
		};
		7200EA651EF8D973009E3EB1 /* Build configuration list for PBXNativeTarget "Chapter14Example4" */ = {
			isa = XCConfigurationList;
			buildConfigurations = (
				7200EA661EF8D973009E3EB1 /* Debug */,
				7200EA671EF8D973009E3EB1 /* Release */,
			);
			defaultConfigurationIsVisible = 0;
		};
/* End XCConfigurationList section */
	};
	rootObject = 7200EA561EF8D973009E3EB1 /* Project object */;
}
