// !$*UTF8*$!
{
	archiveVersion = 1;
	classes = {
	};
	objectVersion = 46;
	objects = {

/* Begin PBXBuildFile section */
		722EC40B1E84CA7200459E02 /* main.mm in Sources */ = {isa = PBXBuildFile; fileRef = 722EC40A1E84CA7200459E02 /* main.mm */; };
		722EC4131E84CA7C00459E02 /* GLUT.framework in Frameworks */ = {isa = PBXBuildFile; fileRef = 722EC4121E84CA7C00459E02 /* GLUT.framework */; };
		722EC4151E84CA8200459E02 /* OpenGL.framework in Frameworks */ = {isa = PBXBuildFile; fileRef = 722EC4141E84CA8200459E02 /* OpenGL.framework */; };
/* End PBXBuildFile section */

/* Begin PBXCopyFilesBuildPhase section */
		722EC4051E84CA7200459E02 /* CopyFiles */ = {
			isa = PBXCopyFilesBuildPhase;
			buildActionMask = 2147483647;
			dstPath = /usr/share/man/man1/;
			dstSubfolderSpec = 0;
			files = (
			);
			runOnlyForDeploymentPostprocessing = 1;
		};
/* End PBXCopyFilesBuildPhase section */

/* Begin PBXFileReference section */
		722EC4071E84CA7200459E02 /* Chapter4Example3 */ = {isa = PBXFileReference; explicitFileType = "compiled.mach-o.executable"; includeInIndex = 0; path = Chapter4Example3; sourceTree = BUILT_PRODUCTS_DIR; };
		722EC40A1E84CA7200459E02 /* main.mm */ = {isa = PBXFileReference; lastKnownFileType = sourcecode.cpp.objcpp; path = main.mm; sourceTree = "<group>"; };
		722EC4121E84CA7C00459E02 /* GLUT.framework */ = {isa = PBXFileReference; lastKnownFileType = wrapper.framework; name = GLUT.framework; path = System/Library/Frameworks/GLUT.framework; sourceTree = SDKROOT; };
		722EC4141E84CA8200459E02 /* OpenGL.framework */ = {isa = PBXFileReference; lastKnownFileType = wrapper.framework; name = OpenGL.framework; path = System/Library/Frameworks/OpenGL.framework; sourceTree = SDKROOT; };
		722EC4161E84D47E00459E02 /* libstdc++.6.tbd */ = {isa = PBXFileReference; lastKnownFileType = "sourcecode.text-based-dylib-definition"; name = "libstdc++.6.tbd"; path = "usr/lib/libstdc++.6.tbd"; sourceTree = SDKROOT; };
		722EC4181E84D56800459E02 /* libstdc++.6.0.9.tbd */ = {isa = PBXFileReference; lastKnownFileType = "sourcecode.text-based-dylib-definition"; name = "libstdc++.6.0.9.tbd"; path = "usr/lib/libstdc++.6.0.9.tbd"; sourceTree = SDKROOT; };
/* End PBXFileReference section */

/* Begin PBXFrameworksBuildPhase section */
		722EC4041E84CA7200459E02 /* Frameworks */ = {
			isa = PBXFrameworksBuildPhase;
			buildActionMask = 2147483647;
			files = (
				722EC4151E84CA8200459E02 /* OpenGL.framework in Frameworks */,
				722EC4131E84CA7C00459E02 /* GLUT.framework in Frameworks */,
			);
			runOnlyForDeploymentPostprocessing = 0;
		};
/* End PBXFrameworksBuildPhase section */

/* Begin PBXGroup section */
		722EC3FE1E84CA7200459E02 = {
			isa = PBXGroup;
			children = (
				722EC4091E84CA7200459E02 /* Chapter4Example3 */,
				722EC4081E84CA7200459E02 /* Products */,
				722EC4111E84CA7C00459E02 /* Frameworks */,
			);
			sourceTree = "<group>";
		};
		722EC4081E84CA7200459E02 /* Products */ = {
			isa = PBXGroup;
			children = (
				722EC4071E84CA7200459E02 /* Chapter4Example3 */,
			);
			name = Products;
			sourceTree = "<group>";
		};
		722EC4091E84CA7200459E02 /* Chapter4Example3 */ = {
			isa = PBXGroup;
			children = (
				722EC40A1E84CA7200459E02 /* main.mm */,
			);
			path = Chapter4Example3;
			sourceTree = "<group>";
		};
		722EC4111E84CA7C00459E02 /* Frameworks */ = {
			isa = PBXGroup;
			children = (
				722EC4181E84D56800459E02 /* libstdc++.6.0.9.tbd */,
				722EC4161E84D47E00459E02 /* libstdc++.6.tbd */,
				722EC4141E84CA8200459E02 /* OpenGL.framework */,
				722EC4121E84CA7C00459E02 /* GLUT.framework */,
			);
			name = Frameworks;
			sourceTree = "<group>";
		};
/* End PBXGroup section */

/* Begin PBXNativeTarget section */
		722EC4061E84CA7200459E02 /* Chapter4Example3 */ = {
			isa = PBXNativeTarget;
			buildConfigurationList = 722EC40E1E84CA7300459E02 /* Build configuration list for PBXNativeTarget "Chapter4Example3" */;
			buildPhases = (
				722EC4031E84CA7200459E02 /* Sources */,
				722EC4041E84CA7200459E02 /* Frameworks */,
				722EC4051E84CA7200459E02 /* CopyFiles */,
			);
			buildRules = (
			);
			dependencies = (
			);
			name = Chapter4Example3;
			productName = Chapter4Example3;
			productReference = 722EC4071E84CA7200459E02 /* Chapter4Example3 */;
			productType = "com.apple.product-type.tool";
		};
/* End PBXNativeTarget section */

/* Begin PBXProject section */
		722EC3FF1E84CA7200459E02 /* Project object */ = {
			isa = PBXProject;
			attributes = {
				LastUpgradeCheck = 0820;
				ORGANIZATIONNAME = "张琳琪";
				TargetAttributes = {
					722EC4061E84CA7200459E02 = {
						CreatedOnToolsVersion = 8.2.1;
						DevelopmentTeam = U4M5KPXUMF;
						ProvisioningStyle = Automatic;
					};
				};
			};
			buildConfigurationList = 722EC4021E84CA7200459E02 /* Build configuration list for PBXProject "Chapter4Example3" */;
			compatibilityVersion = "Xcode 3.2";
			developmentRegion = English;
			hasScannedForEncodings = 0;
			knownRegions = (
				en,
			);
			mainGroup = 722EC3FE1E84CA7200459E02;
			productRefGroup = 722EC4081E84CA7200459E02 /* Products */;
			projectDirPath = "";
			projectRoot = "";
			targets = (
				722EC4061E84CA7200459E02 /* Chapter4Example3 */,
			);
		};
/* End PBXProject section */

/* Begin PBXSourcesBuildPhase section */
		722EC4031E84CA7200459E02 /* Sources */ = {
			isa = PBXSourcesBuildPhase;
			buildActionMask = 2147483647;
			files = (
				722EC40B1E84CA7200459E02 /* main.mm in Sources */,
			);
			runOnlyForDeploymentPostprocessing = 0;
		};
/* End PBXSourcesBuildPhase section */

/* Begin XCBuildConfiguration section */
		722EC40C1E84CA7200459E02 /* Debug */ = {
			isa = XCBuildConfiguration;
			buildSettings = {
				ALWAYS_SEARCH_USER_PATHS = NO;
				CLANG_ANALYZER_NONNULL = YES;
				CLANG_CXX_LANGUAGE_STANDARD = "gnu++0x";
				CLANG_CXX_LIBRARY = "libc++";
				CLANG_ENABLE_MODULES = YES;
				CLANG_ENABLE_OBJC_ARC = YES;
				CLANG_WARN_BOOL_CONVERSION = YES;
				CLANG_WARN_CONSTANT_CONVERSION = YES;
				CLANG_WARN_DIRECT_OBJC_ISA_USAGE = YES_ERROR;
				CLANG_WARN_DOCUMENTATION_COMMENTS = YES;
				CLANG_WARN_EMPTY_BODY = YES;
				CLANG_WARN_ENUM_CONVERSION = YES;
				CLANG_WARN_INFINITE_RECURSION = YES;
				CLANG_WARN_INT_CONVERSION = YES;
				CLANG_WARN_OBJC_ROOT_CLASS = YES_ERROR;
				CLANG_WARN_SUSPICIOUS_MOVE = YES;
				CLANG_WARN_UNREACHABLE_CODE = YES;
				CLANG_WARN__DUPLICATE_METHOD_MATCH = YES;
				CODE_SIGN_IDENTITY = "-";
				COPY_PHASE_STRIP = NO;
				DEBUG_INFORMATION_FORMAT = dwarf;
				ENABLE_STRICT_OBJC_MSGSEND = YES;
				ENABLE_TESTABILITY = YES;
				GCC_C_LANGUAGE_STANDARD = gnu99;
				GCC_DYNAMIC_NO_PIC = NO;
				GCC_NO_COMMON_BLOCKS = YES;
				GCC_OPTIMIZATION_LEVEL = 0;
				GCC_PREPROCESSOR_DEFINITIONS = (
					"DEBUG=1",
					"$(inherited)",
				);
				GCC_WARN_64_TO_32_BIT_CONVERSION = YES;
				GCC_WARN_ABOUT_RETURN_TYPE = YES_ERROR;
				GCC_WARN_UNDECLARED_SELECTOR = YES;
				GCC_WARN_UNINITIALIZED_AUTOS = YES_AGGRESSIVE;
				GCC_WARN_UNUSED_FUNCTION = YES;
				GCC_WARN_UNUSED_VARIABLE = YES;
				MACOSX_DEPLOYMENT_TARGET = 10.12;
				MTL_ENABLE_DEBUG_INFO = YES;
				ONLY_ACTIVE_ARCH = YES;
				SDKROOT = macosx;
			};
			name = Debug;
		};
		722EC40D1E84CA7200459E02 /* Release */ = {
			isa = XCBuildConfiguration;
			buildSettings = {
				ALWAYS_SEARCH_USER_PATHS = NO;
				CLANG_ANALYZER_NONNULL = YES;
				CLANG_CXX_LANGUAGE_STANDARD = "gnu++0x";
				CLANG_CXX_LIBRARY = "libc++";
				CLANG_ENABLE_MODULES = YES;
				CLANG_ENABLE_OBJC_ARC = YES;
				CLANG_WARN_BOOL_CONVERSION = YES;
				CLANG_WARN_CONSTANT_CONVERSION = YES;
				CLANG_WARN_DIRECT_OBJC_ISA_USAGE = YES_ERROR;
				CLANG_WARN_DOCUMENTATION_COMMENTS = YES;
				CLANG_WARN_EMPTY_BODY = YES;
				CLANG_WARN_ENUM_CONVERSION = YES;
				CLANG_WARN_INFINITE_RECURSION = YES;
				CLANG_WARN_INT_CONVERSION = YES;
				CLANG_WARN_OBJC_ROOT_CLASS = YES_ERROR;
				CLANG_WARN_SUSPICIOUS_MOVE = YES;
				CLANG_WARN_UNREACHABLE_CODE = YES;
				CLANG_WARN__DUPLICATE_METHOD_MATCH = YES;
				CODE_SIGN_IDENTITY = "-";
				COPY_PHASE_STRIP = NO;
				DEBUG_INFORMATION_FORMAT = "dwarf-with-dsym";
				ENABLE_NS_ASSERTIONS = NO;
				ENABLE_STRICT_OBJC_MSGSEND = YES;
				GCC_C_LANGUAGE_STANDARD = gnu99;
				GCC_NO_COMMON_BLOCKS = YES;
				GCC_WARN_64_TO_32_BIT_CONVERSION = YES;
				GCC_WARN_ABOUT_RETURN_TYPE = YES_ERROR;
				GCC_WARN_UNDECLARED_SELECTOR = YES;
				GCC_WARN_UNINITIALIZED_AUTOS = YES_AGGRESSIVE;
				GCC_WARN_UNUSED_FUNCTION = YES;
				GCC_WARN_UNUSED_VARIABLE = YES;
				MACOSX_DEPLOYMENT_TARGET = 10.12;
				MTL_ENABLE_DEBUG_INFO = NO;
				SDKROOT = macosx;
			};
			name = Release;
		};
		722EC40F1E84CA7300459E02 /* Debug */ = {
			isa = XCBuildConfiguration;
			buildSettings = {
				CLANG_CXX_LIBRARY = "libstdc++";
				DEVELOPMENT_TEAM = U4M5KPXUMF;
				MACOSX_DEPLOYMENT_TARGET = 10.8;
				PRODUCT_NAME = "$(TARGET_NAME)";
			};
			name = Debug;
		};
		722EC4101E84CA7300459E02 /* Release */ = {
			isa = XCBuildConfiguration;
			buildSettings = {
				CLANG_CXX_LIBRARY = "libstdc++";
				DEVELOPMENT_TEAM = U4M5KPXUMF;
				MACOSX_DEPLOYMENT_TARGET = 10.8;
				PRODUCT_NAME = "$(TARGET_NAME)";
			};
			name = Release;
		};
/* End XCBuildConfiguration section */

/* Begin XCConfigurationList section */
		722EC4021E84CA7200459E02 /* Build configuration list for PBXProject "Chapter4Example3" */ = {
			isa = XCConfigurationList;
			buildConfigurations = (
				722EC40C1E84CA7200459E02 /* Debug */,
				722EC40D1E84CA7200459E02 /* Release */,
			);
			defaultConfigurationIsVisible = 0;
			defaultConfigurationName = Release;
		};
		722EC40E1E84CA7300459E02 /* Build configuration list for PBXNativeTarget "Chapter4Example3" */ = {
			isa = XCConfigurationList;
			buildConfigurations = (
				722EC40F1E84CA7300459E02 /* Debug */,
				722EC4101E84CA7300459E02 /* Release */,
			);
			defaultConfigurationIsVisible = 0;
			defaultConfigurationName = Release;
		};
/* End XCConfigurationList section */
	};
	rootObject = 722EC3FF1E84CA7200459E02 /* Project object */;
}
