// !$*UTF8*$!
{
	archiveVersion = 1;
	classes = {
	};
	objectVersion = 46;
	objects = {

/* Begin PBXBuildFile section */
		722999B61EE15FBB00BE3B1B /* main.mm in Sources */ = {isa = PBXBuildFile; fileRef = 722999B51EE15FBB00BE3B1B /* main.mm */; };
		722999BE1EE15FE100BE3B1B /* OpenGL.framework in Frameworks */ = {isa = PBXBuildFile; fileRef = 722999BD1EE15FE100BE3B1B /* OpenGL.framework */; };
		722999C01EE15FE400BE3B1B /* GLUT.framework in Frameworks */ = {isa = PBXBuildFile; fileRef = 722999BF1EE15FE400BE3B1B /* GLUT.framework */; };
		722999C31EE1640500BE3B1B /* polygonClipS.mm in Sources */ = {isa = PBXBuildFile; fileRef = 722999C21EE1640500BE3B1B /* polygonClipS.mm */; };
/* End PBXBuildFile section */

/* Begin PBXCopyFilesBuildPhase section */
		722999B01EE15FBB00BE3B1B /* CopyFiles */ = {
			isa = PBXCopyFilesBuildPhase;
			buildActionMask = 2147483647;
			dstPath = /usr/share/man/man1/;
			dstSubfolderSpec = 0;
			files = (
			);
			runOnlyForDeploymentPostprocessing = 1;
		};
/* End PBXCopyFilesBuildPhase section */

/* Begin PBXFileReference section */
		722999B21EE15FBB00BE3B1B /* Chapter8Example7 */ = {isa = PBXFileReference; explicitFileType = "compiled.mach-o.executable"; includeInIndex = 0; path = Chapter8Example7; sourceTree = BUILT_PRODUCTS_DIR; };
		722999B51EE15FBB00BE3B1B /* main.mm */ = {isa = PBXFileReference; lastKnownFileType = sourcecode.cpp.objcpp; path = main.mm; sourceTree = "<group>"; };
		722999BD1EE15FE100BE3B1B /* OpenGL.framework */ = {isa = PBXFileReference; lastKnownFileType = wrapper.framework; name = OpenGL.framework; path = System/Library/Frameworks/OpenGL.framework; sourceTree = SDKROOT; };
		722999BF1EE15FE400BE3B1B /* GLUT.framework */ = {isa = PBXFileReference; lastKnownFileType = wrapper.framework; name = GLUT.framework; path = System/Library/Frameworks/GLUT.framework; sourceTree = SDKROOT; };
		722999C11EE163F000BE3B1B /* polygonClipS.h */ = {isa = PBXFileReference; fileEncoding = 4; lastKnownFileType = sourcecode.c.h; path = polygonClipS.h; sourceTree = "<group>"; };
		722999C21EE1640500BE3B1B /* polygonClipS.mm */ = {isa = PBXFileReference; fileEncoding = 4; lastKnownFileType = sourcecode.cpp.objcpp; path = polygonClipS.mm; sourceTree = "<group>"; };
/* End PBXFileReference section */

/* Begin PBXFrameworksBuildPhase section */
		722999AF1EE15FBB00BE3B1B /* Frameworks */ = {
			isa = PBXFrameworksBuildPhase;
			buildActionMask = 2147483647;
			files = (
				722999C01EE15FE400BE3B1B /* GLUT.framework in Frameworks */,
				722999BE1EE15FE100BE3B1B /* OpenGL.framework in Frameworks */,
			);
			runOnlyForDeploymentPostprocessing = 0;
		};
/* End PBXFrameworksBuildPhase section */

/* Begin PBXGroup section */
		722999A91EE15FBB00BE3B1B = {
			isa = PBXGroup;
			children = (
				722999B41EE15FBB00BE3B1B /* Chapter8Example7 */,
				722999B31EE15FBB00BE3B1B /* Products */,
				722999BC1EE15FE100BE3B1B /* Frameworks */,
			);
			sourceTree = "<group>";
		};
		722999B31EE15FBB00BE3B1B /* Products */ = {
			isa = PBXGroup;
			children = (
				722999B21EE15FBB00BE3B1B /* Chapter8Example7 */,
			);
			name = Products;
			sourceTree = "<group>";
		};
		722999B41EE15FBB00BE3B1B /* Chapter8Example7 */ = {
			isa = PBXGroup;
			children = (
				722999B51EE15FBB00BE3B1B /* main.mm */,
				722999C11EE163F000BE3B1B /* polygonClipS.h */,
				722999C21EE1640500BE3B1B /* polygonClipS.mm */,
			);
			path = Chapter8Example7;
			sourceTree = "<group>";
		};
		722999BC1EE15FE100BE3B1B /* Frameworks */ = {
			isa = PBXGroup;
			children = (
				722999BF1EE15FE400BE3B1B /* GLUT.framework */,
				722999BD1EE15FE100BE3B1B /* OpenGL.framework */,
			);
			name = Frameworks;
			sourceTree = "<group>";
		};
/* End PBXGroup section */

/* Begin PBXNativeTarget section */
		722999B11EE15FBB00BE3B1B /* Chapter8Example7 */ = {
			isa = PBXNativeTarget;
			buildConfigurationList = 722999B91EE15FBB00BE3B1B /* Build configuration list for PBXNativeTarget "Chapter8Example7" */;
			buildPhases = (
				722999AE1EE15FBB00BE3B1B /* Sources */,
				722999AF1EE15FBB00BE3B1B /* Frameworks */,
				722999B01EE15FBB00BE3B1B /* CopyFiles */,
			);
			buildRules = (
			);
			dependencies = (
			);
			name = Chapter8Example7;
			productName = Chapter8Example7;
			productReference = 722999B21EE15FBB00BE3B1B /* Chapter8Example7 */;
			productType = "com.apple.product-type.tool";
		};
/* End PBXNativeTarget section */

/* Begin PBXProject section */
		722999AA1EE15FBB00BE3B1B /* Project object */ = {
			isa = PBXProject;
			attributes = {
				LastUpgradeCheck = 0830;
				ORGANIZATIONNAME = "张琳琪";
				TargetAttributes = {
					722999B11EE15FBB00BE3B1B = {
						CreatedOnToolsVersion = 8.3.2;
						ProvisioningStyle = Automatic;
					};
				};
			};
			buildConfigurationList = 722999AD1EE15FBB00BE3B1B /* Build configuration list for PBXProject "Chapter8Example7" */;
			compatibilityVersion = "Xcode 3.2";
			developmentRegion = English;
			hasScannedForEncodings = 0;
			knownRegions = (
				en,
			);
			mainGroup = 722999A91EE15FBB00BE3B1B;
			productRefGroup = 722999B31EE15FBB00BE3B1B /* Products */;
			projectDirPath = "";
			projectRoot = "";
			targets = (
				722999B11EE15FBB00BE3B1B /* Chapter8Example7 */,
			);
		};
/* End PBXProject section */

/* Begin PBXSourcesBuildPhase section */
		722999AE1EE15FBB00BE3B1B /* Sources */ = {
			isa = PBXSourcesBuildPhase;
			buildActionMask = 2147483647;
			files = (
				722999B61EE15FBB00BE3B1B /* main.mm in Sources */,
				722999C31EE1640500BE3B1B /* polygonClipS.mm in Sources */,
			);
			runOnlyForDeploymentPostprocessing = 0;
		};
/* End PBXSourcesBuildPhase section */

/* Begin XCBuildConfiguration section */
		722999B71EE15FBB00BE3B1B /* Debug */ = {
			isa = XCBuildConfiguration;
			buildSettings = {
				ALWAYS_SEARCH_USER_PATHS = NO;
				CLANG_ANALYZER_NONNULL = YES;
				CLANG_ANALYZER_NUMBER_OBJECT_CONVERSION = YES_AGGRESSIVE;
				CLANG_CXX_LANGUAGE_STANDARD = "gnu++0x";
				CLANG_CXX_LIBRARY = "libc++";
				CLANG_ENABLE_MODULES = YES;
				CLANG_ENABLE_OBJC_ARC = YES;
				CLANG_WARN_BOOL_CONVERSION = YES;
				CLANG_WARN_CONSTANT_CONVERSION = YES;
				CLANG_WARN_DIRECT_OBJC_ISA_USAGE = YES_ERROR;
				CLANG_WARN_DOCUMENTATION_COMMENTS = YES;
				CLANG_WARN_EMPTY_BODY = YES;
				CLANG_WARN_ENUM_CONVERSION = YES;
				CLANG_WARN_INFINITE_RECURSION = YES;
				CLANG_WARN_INT_CONVERSION = YES;
				CLANG_WARN_OBJC_ROOT_CLASS = YES_ERROR;
				CLANG_WARN_SUSPICIOUS_MOVE = YES;
				CLANG_WARN_UNREACHABLE_CODE = YES;
				CLANG_WARN__DUPLICATE_METHOD_MATCH = YES;
				CODE_SIGN_IDENTITY = "-";
				COPY_PHASE_STRIP = NO;
				DEBUG_INFORMATION_FORMAT = dwarf;
				ENABLE_STRICT_OBJC_MSGSEND = YES;
				ENABLE_TESTABILITY = YES;
				GCC_C_LANGUAGE_STANDARD = gnu99;
				GCC_DYNAMIC_NO_PIC = NO;
				GCC_NO_COMMON_BLOCKS = YES;
				GCC_OPTIMIZATION_LEVEL = 0;
				GCC_PREPROCESSOR_DEFINITIONS = (
					"DEBUG=1",
					"$(inherited)",
				);
				GCC_WARN_64_TO_32_BIT_CONVERSION = YES;
				GCC_WARN_ABOUT_RETURN_TYPE = YES_ERROR;
				GCC_WARN_UNDECLARED_SELECTOR = YES;
				GCC_WARN_UNINITIALIZED_AUTOS = YES_AGGRESSIVE;
				GCC_WARN_UNUSED_FUNCTION = YES;
				GCC_WARN_UNUSED_VARIABLE = YES;
				MACOSX_DEPLOYMENT_TARGET = 10.12;
				MTL_ENABLE_DEBUG_INFO = YES;
				ONLY_ACTIVE_ARCH = YES;
				SDKROOT = macosx;
			};
			name = Debug;
		};
		722999B81EE15FBB00BE3B1B /* Release */ = {
			isa = XCBuildConfiguration;
			buildSettings = {
				ALWAYS_SEARCH_USER_PATHS = NO;
				CLANG_ANALYZER_NONNULL = YES;
				CLANG_ANALYZER_NUMBER_OBJECT_CONVERSION = YES_AGGRESSIVE;
				CLANG_CXX_LANGUAGE_STANDARD = "gnu++0x";
				CLANG_CXX_LIBRARY = "libc++";
				CLANG_ENABLE_MODULES = YES;
				CLANG_ENABLE_OBJC_ARC = YES;
				CLANG_WARN_BOOL_CONVERSION = YES;
				CLANG_WARN_CONSTANT_CONVERSION = YES;
				CLANG_WARN_DIRECT_OBJC_ISA_USAGE = YES_ERROR;
				CLANG_WARN_DOCUMENTATION_COMMENTS = YES;
				CLANG_WARN_EMPTY_BODY = YES;
				CLANG_WARN_ENUM_CONVERSION = YES;
				CLANG_WARN_INFINITE_RECURSION = YES;
				CLANG_WARN_INT_CONVERSION = YES;
				CLANG_WARN_OBJC_ROOT_CLASS = YES_ERROR;
				CLANG_WARN_SUSPICIOUS_MOVE = YES;
				CLANG_WARN_UNREACHABLE_CODE = YES;
				CLANG_WARN__DUPLICATE_METHOD_MATCH = YES;
				CODE_SIGN_IDENTITY = "-";
				COPY_PHASE_STRIP = NO;
				DEBUG_INFORMATION_FORMAT = "dwarf-with-dsym";
				ENABLE_NS_ASSERTIONS = NO;
				ENABLE_STRICT_OBJC_MSGSEND = YES;
				GCC_C_LANGUAGE_STANDARD = gnu99;
				GCC_NO_COMMON_BLOCKS = YES;
				GCC_WARN_64_TO_32_BIT_CONVERSION = YES;
				GCC_WARN_ABOUT_RETURN_TYPE = YES_ERROR;
				GCC_WARN_UNDECLARED_SELECTOR = YES;
				GCC_WARN_UNINITIALIZED_AUTOS = YES_AGGRESSIVE;
				GCC_WARN_UNUSED_FUNCTION = YES;
				GCC_WARN_UNUSED_VARIABLE = YES;
				MACOSX_DEPLOYMENT_TARGET = 10.12;
				MTL_ENABLE_DEBUG_INFO = NO;
				SDKROOT = macosx;
			};
			name = Release;
		};
		722999BA1EE15FBB00BE3B1B /* Debug */ = {
			isa = XCBuildConfiguration;
			buildSettings = {
				MACOSX_DEPLOYMENT_TARGET = 10.8;
				PRODUCT_NAME = "$(TARGET_NAME)";
			};
			name = Debug;
		};
		722999BB1EE15FBB00BE3B1B /* Release */ = {
			isa = XCBuildConfiguration;
			buildSettings = {
				MACOSX_DEPLOYMENT_TARGET = 10.8;
				PRODUCT_NAME = "$(TARGET_NAME)";
			};
			name = Release;
		};
/* End XCBuildConfiguration section */

/* Begin XCConfigurationList section */
		722999AD1EE15FBB00BE3B1B /* Build configuration list for PBXProject "Chapter8Example7" */ = {
			isa = XCConfigurationList;
			buildConfigurations = (
				722999B71EE15FBB00BE3B1B /* Debug */,
				722999B81EE15FBB00BE3B1B /* Release */,
			);
			defaultConfigurationIsVisible = 0;
			defaultConfigurationName = Release;
		};
		722999B91EE15FBB00BE3B1B /* Build configuration list for PBXNativeTarget "Chapter8Example7" */ = {
			isa = XCConfigurationList;
			buildConfigurations = (
				722999BA1EE15FBB00BE3B1B /* Debug */,
				722999BB1EE15FBB00BE3B1B /* Release */,
			);
			defaultConfigurationIsVisible = 0;
			defaultConfigurationName = Release;
		};
/* End XCConfigurationList section */
	};
	rootObject = 722999AA1EE15FBB00BE3B1B /* Project object */;
}
