// !$*UTF8*$!
{
	archiveVersion = 1;
	classes = {
	};
	objectVersion = 46;
	objects = {

/* Begin PBXBuildFile section */
		725C78391EE7E3050092BC44 /* main.mm in Sources */ = {isa = PBXBuildFile; fileRef = 725C78381EE7E3050092BC44 /* main.mm */; };
		725C78411EE7E30D0092BC44 /* OpenGL.framework in Frameworks */ = {isa = PBXBuildFile; fileRef = 725C78401EE7E30D0092BC44 /* OpenGL.framework */; };
		725C78431EE7E3100092BC44 /* GLUT.framework in Frameworks */ = {isa = PBXBuildFile; fileRef = 725C78421EE7E3100092BC44 /* GLUT.framework */; };
/* End PBXBuildFile section */

/* Begin PBXCopyFilesBuildPhase section */
		725C78331EE7E3050092BC44 /* CopyFiles */ = {
			isa = PBXCopyFilesBuildPhase;
			buildActionMask = 2147483647;
			dstPath = /usr/share/man/man1/;
			dstSubfolderSpec = 0;
			files = (
			);
			runOnlyForDeploymentPostprocessing = 1;
		};
/* End PBXCopyFilesBuildPhase section */

/* Begin PBXFileReference section */
		725C78351EE7E3050092BC44 /* Chapter9Example3 */ = {isa = PBXFileReference; explicitFileType = "compiled.mach-o.executable"; includeInIndex = 0; path = Chapter9Example3; sourceTree = BUILT_PRODUCTS_DIR; };
		725C78381EE7E3050092BC44 /* main.mm */ = {isa = PBXFileReference; lastKnownFileType = sourcecode.cpp.objcpp; path = main.mm; sourceTree = "<group>"; };
		725C78401EE7E30D0092BC44 /* OpenGL.framework */ = {isa = PBXFileReference; lastKnownFileType = wrapper.framework; name = OpenGL.framework; path = System/Library/Frameworks/OpenGL.framework; sourceTree = SDKROOT; };
		725C78421EE7E3100092BC44 /* GLUT.framework */ = {isa = PBXFileReference; lastKnownFileType = wrapper.framework; name = GLUT.framework; path = System/Library/Frameworks/GLUT.framework; sourceTree = SDKROOT; };
/* End PBXFileReference section */

/* Begin PBXFrameworksBuildPhase section */
		725C78321EE7E3050092BC44 /* Frameworks */ = {
			isa = PBXFrameworksBuildPhase;
			buildActionMask = 2147483647;
			files = (
				725C78431EE7E3100092BC44 /* GLUT.framework in Frameworks */,
				725C78411EE7E30D0092BC44 /* OpenGL.framework in Frameworks */,
			);
			runOnlyForDeploymentPostprocessing = 0;
		};
/* End PBXFrameworksBuildPhase section */

/* Begin PBXGroup section */
		725C782C1EE7E3040092BC44 = {
			isa = PBXGroup;
			children = (
				725C78371EE7E3050092BC44 /* Chapter9Example3 */,
				725C78361EE7E3050092BC44 /* Products */,
				725C783F1EE7E30D0092BC44 /* Frameworks */,
			);
			sourceTree = "<group>";
		};
		725C78361EE7E3050092BC44 /* Products */ = {
			isa = PBXGroup;
			children = (
				725C78351EE7E3050092BC44 /* Chapter9Example3 */,
			);
			name = Products;
			sourceTree = "<group>";
		};
		725C78371EE7E3050092BC44 /* Chapter9Example3 */ = {
			isa = PBXGroup;
			children = (
				725C78381EE7E3050092BC44 /* main.mm */,
			);
			path = Chapter9Example3;
			sourceTree = "<group>";
		};
		725C783F1EE7E30D0092BC44 /* Frameworks */ = {
			isa = PBXGroup;
			children = (
				725C78421EE7E3100092BC44 /* GLUT.framework */,
				725C78401EE7E30D0092BC44 /* OpenGL.framework */,
			);
			name = Frameworks;
			sourceTree = "<group>";
		};
/* End PBXGroup section */

/* Begin PBXNativeTarget section */
		725C78341EE7E3050092BC44 /* Chapter9Example3 */ = {
			isa = PBXNativeTarget;
			buildConfigurationList = 725C783C1EE7E3050092BC44 /* Build configuration list for PBXNativeTarget "Chapter9Example3" */;
			buildPhases = (
				725C78311EE7E3050092BC44 /* Sources */,
				725C78321EE7E3050092BC44 /* Frameworks */,
				725C78331EE7E3050092BC44 /* CopyFiles */,
			);
			buildRules = (
			);
			dependencies = (
			);
			name = Chapter9Example3;
			productName = Chapter9Example3;
			productReference = 725C78351EE7E3050092BC44 /* Chapter9Example3 */;
			productType = "com.apple.product-type.tool";
		};
/* End PBXNativeTarget section */

/* Begin PBXProject section */
		725C782D1EE7E3040092BC44 /* Project object */ = {
			isa = PBXProject;
			attributes = {
				LastUpgradeCheck = 0830;
				ORGANIZATIONNAME = "张琳琪";
				TargetAttributes = {
					725C78341EE7E3050092BC44 = {
						CreatedOnToolsVersion = 8.3.2;
						ProvisioningStyle = Automatic;
					};
				};
			};
			buildConfigurationList = 725C78301EE7E3040092BC44 /* Build configuration list for PBXProject "Chapter9Example3" */;
			compatibilityVersion = "Xcode 3.2";
			developmentRegion = English;
			hasScannedForEncodings = 0;
			knownRegions = (
				en,
			);
			mainGroup = 725C782C1EE7E3040092BC44;
			productRefGroup = 725C78361EE7E3050092BC44 /* Products */;
			projectDirPath = "";
			projectRoot = "";
			targets = (
				725C78341EE7E3050092BC44 /* Chapter9Example3 */,
			);
		};
/* End PBXProject section */

/* Begin PBXSourcesBuildPhase section */
		725C78311EE7E3050092BC44 /* Sources */ = {
			isa = PBXSourcesBuildPhase;
			buildActionMask = 2147483647;
			files = (
				725C78391EE7E3050092BC44 /* main.mm in Sources */,
			);
			runOnlyForDeploymentPostprocessing = 0;
		};
/* End PBXSourcesBuildPhase section */

/* Begin XCBuildConfiguration section */
		725C783A1EE7E3050092BC44 /* Debug */ = {
			isa = XCBuildConfiguration;
			buildSettings = {
				ALWAYS_SEARCH_USER_PATHS = NO;
				CLANG_ANALYZER_NONNULL = YES;
				CLANG_ANALYZER_NUMBER_OBJECT_CONVERSION = YES_AGGRESSIVE;
				CLANG_CXX_LANGUAGE_STANDARD = "gnu++0x";
				CLANG_CXX_LIBRARY = "libc++";
				CLANG_ENABLE_MODULES = YES;
				CLANG_ENABLE_OBJC_ARC = YES;
				CLANG_WARN_BOOL_CONVERSION = YES;
				CLANG_WARN_CONSTANT_CONVERSION = YES;
				CLANG_WARN_DIRECT_OBJC_ISA_USAGE = YES_ERROR;
				CLANG_WARN_DOCUMENTATION_COMMENTS = YES;
				CLANG_WARN_EMPTY_BODY = YES;
				CLANG_WARN_ENUM_CONVERSION = YES;
				CLANG_WARN_INFINITE_RECURSION = YES;
				CLANG_WARN_INT_CONVERSION = YES;
				CLANG_WARN_OBJC_ROOT_CLASS = YES_ERROR;
				CLANG_WARN_SUSPICIOUS_MOVE = YES;
				CLANG_WARN_UNREACHABLE_CODE = YES;
				CLANG_WARN__DUPLICATE_METHOD_MATCH = YES;
				CODE_SIGN_IDENTITY = "-";
				COPY_PHASE_STRIP = NO;
				DEBUG_INFORMATION_FORMAT = dwarf;
				ENABLE_STRICT_OBJC_MSGSEND = YES;
				ENABLE_TESTABILITY = YES;
				GCC_C_LANGUAGE_STANDARD = gnu99;
				GCC_DYNAMIC_NO_PIC = NO;
				GCC_NO_COMMON_BLOCKS = YES;
				GCC_OPTIMIZATION_LEVEL = 0;
				GCC_PREPROCESSOR_DEFINITIONS = (
					"DEBUG=1",
					"$(inherited)",
				);
				GCC_WARN_64_TO_32_BIT_CONVERSION = YES;
				GCC_WARN_ABOUT_RETURN_TYPE = YES_ERROR;
				GCC_WARN_UNDECLARED_SELECTOR = YES;
				GCC_WARN_UNINITIALIZED_AUTOS = YES_AGGRESSIVE;
				GCC_WARN_UNUSED_FUNCTION = YES;
				GCC_WARN_UNUSED_VARIABLE = YES;
				MACOSX_DEPLOYMENT_TARGET = 10.12;
				MTL_ENABLE_DEBUG_INFO = YES;
				ONLY_ACTIVE_ARCH = YES;
				SDKROOT = macosx;
			};
			name = Debug;
		};
		725C783B1EE7E3050092BC44 /* Release */ = {
			isa = XCBuildConfiguration;
			buildSettings = {
				ALWAYS_SEARCH_USER_PATHS = NO;
				CLANG_ANALYZER_NONNULL = YES;
				CLANG_ANALYZER_NUMBER_OBJECT_CONVERSION = YES_AGGRESSIVE;
				CLANG_CXX_LANGUAGE_STANDARD = "gnu++0x";
				CLANG_CXX_LIBRARY = "libc++";
				CLANG_ENABLE_MODULES = YES;
				CLANG_ENABLE_OBJC_ARC = YES;
				CLANG_WARN_BOOL_CONVERSION = YES;
				CLANG_WARN_CONSTANT_CONVERSION = YES;
				CLANG_WARN_DIRECT_OBJC_ISA_USAGE = YES_ERROR;
				CLANG_WARN_DOCUMENTATION_COMMENTS = YES;
				CLANG_WARN_EMPTY_BODY = YES;
				CLANG_WARN_ENUM_CONVERSION = YES;
				CLANG_WARN_INFINITE_RECURSION = YES;
				CLANG_WARN_INT_CONVERSION = YES;
				CLANG_WARN_OBJC_ROOT_CLASS = YES_ERROR;
				CLANG_WARN_SUSPICIOUS_MOVE = YES;
				CLANG_WARN_UNREACHABLE_CODE = YES;
				CLANG_WARN__DUPLICATE_METHOD_MATCH = YES;
				CODE_SIGN_IDENTITY = "-";
				COPY_PHASE_STRIP = NO;
				DEBUG_INFORMATION_FORMAT = "dwarf-with-dsym";
				ENABLE_NS_ASSERTIONS = NO;
				ENABLE_STRICT_OBJC_MSGSEND = YES;
				GCC_C_LANGUAGE_STANDARD = gnu99;
				GCC_NO_COMMON_BLOCKS = YES;
				GCC_WARN_64_TO_32_BIT_CONVERSION = YES;
				GCC_WARN_ABOUT_RETURN_TYPE = YES_ERROR;
				GCC_WARN_UNDECLARED_SELECTOR = YES;
				GCC_WARN_UNINITIALIZED_AUTOS = YES_AGGRESSIVE;
				GCC_WARN_UNUSED_FUNCTION = YES;
				GCC_WARN_UNUSED_VARIABLE = YES;
				MACOSX_DEPLOYMENT_TARGET = 10.12;
				MTL_ENABLE_DEBUG_INFO = NO;
				SDKROOT = macosx;
			};
			name = Release;
		};
		725C783D1EE7E3050092BC44 /* Debug */ = {
			isa = XCBuildConfiguration;
			buildSettings = {
				MACOSX_DEPLOYMENT_TARGET = 10.8;
				PRODUCT_NAME = "$(TARGET_NAME)";
			};
			name = Debug;
		};
		725C783E1EE7E3050092BC44 /* Release */ = {
			isa = XCBuildConfiguration;
			buildSettings = {
				MACOSX_DEPLOYMENT_TARGET = 10.8;
				PRODUCT_NAME = "$(TARGET_NAME)";
			};
			name = Release;
		};
/* End XCBuildConfiguration section */

/* Begin XCConfigurationList section */
		725C78301EE7E3040092BC44 /* Build configuration list for PBXProject "Chapter9Example3" */ = {
			isa = XCConfigurationList;
			buildConfigurations = (
				725C783A1EE7E3050092BC44 /* Debug */,
				725C783B1EE7E3050092BC44 /* Release */,
			);
			defaultConfigurationIsVisible = 0;
			defaultConfigurationName = Release;
		};
		725C783C1EE7E3050092BC44 /* Build configuration list for PBXNativeTarget "Chapter9Example3" */ = {
			isa = XCConfigurationList;
			buildConfigurations = (
				725C783D1EE7E3050092BC44 /* Debug */,
				725C783E1EE7E3050092BC44 /* Release */,
			);
			defaultConfigurationIsVisible = 0;
		};
/* End XCConfigurationList section */
	};
	rootObject = 725C782D1EE7E3040092BC44 /* Project object */;
}
