// !$*UTF8*$!
{
	archiveVersion = 1;
	classes = {
	};
	objectVersion = 46;
	objects = {

/* Begin PBXBuildFile section */
		72CC532C1EDFD97F0050B50C /* main.mm in Sources */ = {isa = PBXBuildFile; fileRef = 72CC532B1EDFD97F0050B50C /* main.mm */; };
		72CC53341EDFD9890050B50C /* OpenGL.framework in Frameworks */ = {isa = PBXBuildFile; fileRef = 72CC53331EDFD9890050B50C /* OpenGL.framework */; };
		72CC53361EDFD98C0050B50C /* GLUT.framework in Frameworks */ = {isa = PBXBuildFile; fileRef = 72CC53351EDFD98C0050B50C /* GLUT.framework */; };
		72CC53391EDFDB600050B50C /* lineNLN.mm in Sources */ = {isa = PBXBuildFile; fileRef = 72CC53381EDFDB600050B50C /* lineNLN.mm */; };
		72CC533F1EDFDBC70050B50C /* linebres.mm in Sources */ = {isa = PBXBuildFile; fileRef = 72CC533E1EDFDBC70050B50C /* linebres.mm */; };
/* End PBXBuildFile section */

/* Begin PBXCopyFilesBuildPhase section */
		72CC53261EDFD97F0050B50C /* CopyFiles */ = {
			isa = PBXCopyFilesBuildPhase;
			buildActionMask = 2147483647;
			dstPath = /usr/share/man/man1/;
			dstSubfolderSpec = 0;
			files = (
			);
			runOnlyForDeploymentPostprocessing = 1;
		};
/* End PBXCopyFilesBuildPhase section */

/* Begin PBXFileReference section */
		72CC53281EDFD97F0050B50C /* Chapter8Example6 */ = {isa = PBXFileReference; explicitFileType = "compiled.mach-o.executable"; includeInIndex = 0; path = Chapter8Example6; sourceTree = BUILT_PRODUCTS_DIR; };
		72CC532B1EDFD97F0050B50C /* main.mm */ = {isa = PBXFileReference; lastKnownFileType = sourcecode.cpp.objcpp; path = main.mm; sourceTree = "<group>"; };
		72CC53331EDFD9890050B50C /* OpenGL.framework */ = {isa = PBXFileReference; lastKnownFileType = wrapper.framework; name = OpenGL.framework; path = System/Library/Frameworks/OpenGL.framework; sourceTree = SDKROOT; };
		72CC53351EDFD98C0050B50C /* GLUT.framework */ = {isa = PBXFileReference; lastKnownFileType = wrapper.framework; name = GLUT.framework; path = System/Library/Frameworks/GLUT.framework; sourceTree = SDKROOT; };
		72CC53371EDFDB4F0050B50C /* lineNLN.h */ = {isa = PBXFileReference; lastKnownFileType = sourcecode.c.h; path = lineNLN.h; sourceTree = "<group>"; };
		72CC53381EDFDB600050B50C /* lineNLN.mm */ = {isa = PBXFileReference; fileEncoding = 4; lastKnownFileType = sourcecode.cpp.objcpp; path = lineNLN.mm; sourceTree = "<group>"; };
		72CC533D1EDFDBC70050B50C /* linebres.h */ = {isa = PBXFileReference; fileEncoding = 4; lastKnownFileType = sourcecode.c.h; path = linebres.h; sourceTree = "<group>"; };
		72CC533E1EDFDBC70050B50C /* linebres.mm */ = {isa = PBXFileReference; fileEncoding = 4; lastKnownFileType = sourcecode.cpp.objcpp; path = linebres.mm; sourceTree = "<group>"; };
/* End PBXFileReference section */

/* Begin PBXFrameworksBuildPhase section */
		72CC53251EDFD97F0050B50C /* Frameworks */ = {
			isa = PBXFrameworksBuildPhase;
			buildActionMask = 2147483647;
			files = (
				72CC53361EDFD98C0050B50C /* GLUT.framework in Frameworks */,
				72CC53341EDFD9890050B50C /* OpenGL.framework in Frameworks */,
			);
			runOnlyForDeploymentPostprocessing = 0;
		};
/* End PBXFrameworksBuildPhase section */

/* Begin PBXGroup section */
		72CC531F1EDFD97F0050B50C = {
			isa = PBXGroup;
			children = (
				72CC532A1EDFD97F0050B50C /* Chapter8Example6 */,
				72CC53291EDFD97F0050B50C /* Products */,
				72CC53321EDFD9890050B50C /* Frameworks */,
			);
			sourceTree = "<group>";
		};
		72CC53291EDFD97F0050B50C /* Products */ = {
			isa = PBXGroup;
			children = (
				72CC53281EDFD97F0050B50C /* Chapter8Example6 */,
			);
			name = Products;
			sourceTree = "<group>";
		};
		72CC532A1EDFD97F0050B50C /* Chapter8Example6 */ = {
			isa = PBXGroup;
			children = (
				72CC532B1EDFD97F0050B50C /* main.mm */,
				72CC533D1EDFDBC70050B50C /* linebres.h */,
				72CC533E1EDFDBC70050B50C /* linebres.mm */,
				72CC53371EDFDB4F0050B50C /* lineNLN.h */,
				72CC53381EDFDB600050B50C /* lineNLN.mm */,
			);
			path = Chapter8Example6;
			sourceTree = "<group>";
		};
		72CC53321EDFD9890050B50C /* Frameworks */ = {
			isa = PBXGroup;
			children = (
				72CC53351EDFD98C0050B50C /* GLUT.framework */,
				72CC53331EDFD9890050B50C /* OpenGL.framework */,
			);
			name = Frameworks;
			sourceTree = "<group>";
		};
/* End PBXGroup section */

/* Begin PBXNativeTarget section */
		72CC53271EDFD97F0050B50C /* Chapter8Example6 */ = {
			isa = PBXNativeTarget;
			buildConfigurationList = 72CC532F1EDFD97F0050B50C /* Build configuration list for PBXNativeTarget "Chapter8Example6" */;
			buildPhases = (
				72CC53241EDFD97F0050B50C /* Sources */,
				72CC53251EDFD97F0050B50C /* Frameworks */,
				72CC53261EDFD97F0050B50C /* CopyFiles */,
			);
			buildRules = (
			);
			dependencies = (
			);
			name = Chapter8Example6;
			productName = Chapter8Example6;
			productReference = 72CC53281EDFD97F0050B50C /* Chapter8Example6 */;
			productType = "com.apple.product-type.tool";
		};
/* End PBXNativeTarget section */

/* Begin PBXProject section */
		72CC53201EDFD97F0050B50C /* Project object */ = {
			isa = PBXProject;
			attributes = {
				LastUpgradeCheck = 0830;
				ORGANIZATIONNAME = "张琳琪";
				TargetAttributes = {
					72CC53271EDFD97F0050B50C = {
						CreatedOnToolsVersion = 8.3.2;
						ProvisioningStyle = Automatic;
					};
				};
			};
			buildConfigurationList = 72CC53231EDFD97F0050B50C /* Build configuration list for PBXProject "Chapter8Example6" */;
			compatibilityVersion = "Xcode 3.2";
			developmentRegion = English;
			hasScannedForEncodings = 0;
			knownRegions = (
				en,
			);
			mainGroup = 72CC531F1EDFD97F0050B50C;
			productRefGroup = 72CC53291EDFD97F0050B50C /* Products */;
			projectDirPath = "";
			projectRoot = "";
			targets = (
				72CC53271EDFD97F0050B50C /* Chapter8Example6 */,
			);
		};
/* End PBXProject section */

/* Begin PBXSourcesBuildPhase section */
		72CC53241EDFD97F0050B50C /* Sources */ = {
			isa = PBXSourcesBuildPhase;
			buildActionMask = 2147483647;
			files = (
				72CC533F1EDFDBC70050B50C /* linebres.mm in Sources */,
				72CC53391EDFDB600050B50C /* lineNLN.mm in Sources */,
				72CC532C1EDFD97F0050B50C /* main.mm in Sources */,
			);
			runOnlyForDeploymentPostprocessing = 0;
		};
/* End PBXSourcesBuildPhase section */

/* Begin XCBuildConfiguration section */
		72CC532D1EDFD97F0050B50C /* Debug */ = {
			isa = XCBuildConfiguration;
			buildSettings = {
				ALWAYS_SEARCH_USER_PATHS = NO;
				CLANG_ANALYZER_NONNULL = YES;
				CLANG_ANALYZER_NUMBER_OBJECT_CONVERSION = YES_AGGRESSIVE;
				CLANG_CXX_LANGUAGE_STANDARD = "gnu++0x";
				CLANG_CXX_LIBRARY = "libc++";
				CLANG_ENABLE_MODULES = YES;
				CLANG_ENABLE_OBJC_ARC = YES;
				CLANG_WARN_BOOL_CONVERSION = YES;
				CLANG_WARN_CONSTANT_CONVERSION = YES;
				CLANG_WARN_DIRECT_OBJC_ISA_USAGE = YES_ERROR;
				CLANG_WARN_DOCUMENTATION_COMMENTS = YES;
				CLANG_WARN_EMPTY_BODY = YES;
				CLANG_WARN_ENUM_CONVERSION = YES;
				CLANG_WARN_INFINITE_RECURSION = YES;
				CLANG_WARN_INT_CONVERSION = YES;
				CLANG_WARN_OBJC_ROOT_CLASS = YES_ERROR;
				CLANG_WARN_SUSPICIOUS_MOVE = YES;
				CLANG_WARN_UNREACHABLE_CODE = YES;
				CLANG_WARN__DUPLICATE_METHOD_MATCH = YES;
				CODE_SIGN_IDENTITY = "-";
				COPY_PHASE_STRIP = NO;
				DEBUG_INFORMATION_FORMAT = dwarf;
				ENABLE_STRICT_OBJC_MSGSEND = YES;
				ENABLE_TESTABILITY = YES;
				GCC_C_LANGUAGE_STANDARD = gnu99;
				GCC_DYNAMIC_NO_PIC = NO;
				GCC_NO_COMMON_BLOCKS = YES;
				GCC_OPTIMIZATION_LEVEL = 0;
				GCC_PREPROCESSOR_DEFINITIONS = (
					"DEBUG=1",
					"$(inherited)",
				);
				GCC_WARN_64_TO_32_BIT_CONVERSION = YES;
				GCC_WARN_ABOUT_RETURN_TYPE = YES_ERROR;
				GCC_WARN_UNDECLARED_SELECTOR = YES;
				GCC_WARN_UNINITIALIZED_AUTOS = YES_AGGRESSIVE;
				GCC_WARN_UNUSED_FUNCTION = YES;
				GCC_WARN_UNUSED_VARIABLE = YES;
				MACOSX_DEPLOYMENT_TARGET = 10.12;
				MTL_ENABLE_DEBUG_INFO = YES;
				ONLY_ACTIVE_ARCH = YES;
				SDKROOT = macosx;
			};
			name = Debug;
		};
		72CC532E1EDFD97F0050B50C /* Release */ = {
			isa = XCBuildConfiguration;
			buildSettings = {
				ALWAYS_SEARCH_USER_PATHS = NO;
				CLANG_ANALYZER_NONNULL = YES;
				CLANG_ANALYZER_NUMBER_OBJECT_CONVERSION = YES_AGGRESSIVE;
				CLANG_CXX_LANGUAGE_STANDARD = "gnu++0x";
				CLANG_CXX_LIBRARY = "libc++";
				CLANG_ENABLE_MODULES = YES;
				CLANG_ENABLE_OBJC_ARC = YES;
				CLANG_WARN_BOOL_CONVERSION = YES;
				CLANG_WARN_CONSTANT_CONVERSION = YES;
				CLANG_WARN_DIRECT_OBJC_ISA_USAGE = YES_ERROR;
				CLANG_WARN_DOCUMENTATION_COMMENTS = YES;
				CLANG_WARN_EMPTY_BODY = YES;
				CLANG_WARN_ENUM_CONVERSION = YES;
				CLANG_WARN_INFINITE_RECURSION = YES;
				CLANG_WARN_INT_CONVERSION = YES;
				CLANG_WARN_OBJC_ROOT_CLASS = YES_ERROR;
				CLANG_WARN_SUSPICIOUS_MOVE = YES;
				CLANG_WARN_UNREACHABLE_CODE = YES;
				CLANG_WARN__DUPLICATE_METHOD_MATCH = YES;
				CODE_SIGN_IDENTITY = "-";
				COPY_PHASE_STRIP = NO;
				DEBUG_INFORMATION_FORMAT = "dwarf-with-dsym";
				ENABLE_NS_ASSERTIONS = NO;
				ENABLE_STRICT_OBJC_MSGSEND = YES;
				GCC_C_LANGUAGE_STANDARD = gnu99;
				GCC_NO_COMMON_BLOCKS = YES;
				GCC_WARN_64_TO_32_BIT_CONVERSION = YES;
				GCC_WARN_ABOUT_RETURN_TYPE = YES_ERROR;
				GCC_WARN_UNDECLARED_SELECTOR = YES;
				GCC_WARN_UNINITIALIZED_AUTOS = YES_AGGRESSIVE;
				GCC_WARN_UNUSED_FUNCTION = YES;
				GCC_WARN_UNUSED_VARIABLE = YES;
				MACOSX_DEPLOYMENT_TARGET = 10.12;
				MTL_ENABLE_DEBUG_INFO = NO;
				SDKROOT = macosx;
			};
			name = Release;
		};
		72CC53301EDFD97F0050B50C /* Debug */ = {
			isa = XCBuildConfiguration;
			buildSettings = {
				MACOSX_DEPLOYMENT_TARGET = 10.8;
				PRODUCT_NAME = "$(TARGET_NAME)";
			};
			name = Debug;
		};
		72CC53311EDFD97F0050B50C /* Release */ = {
			isa = XCBuildConfiguration;
			buildSettings = {
				MACOSX_DEPLOYMENT_TARGET = 10.8;
				PRODUCT_NAME = "$(TARGET_NAME)";
			};
			name = Release;
		};
/* End XCBuildConfiguration section */

/* Begin XCConfigurationList section */
		72CC53231EDFD97F0050B50C /* Build configuration list for PBXProject "Chapter8Example6" */ = {
			isa = XCConfigurationList;
			buildConfigurations = (
				72CC532D1EDFD97F0050B50C /* Debug */,
				72CC532E1EDFD97F0050B50C /* Release */,
			);
			defaultConfigurationIsVisible = 0;
			defaultConfigurationName = Release;
		};
		72CC532F1EDFD97F0050B50C /* Build configuration list for PBXNativeTarget "Chapter8Example6" */ = {
			isa = XCConfigurationList;
			buildConfigurations = (
				72CC53301EDFD97F0050B50C /* Debug */,
				72CC53311EDFD97F0050B50C /* Release */,
			);
			defaultConfigurationIsVisible = 0;
		};
/* End XCConfigurationList section */
	};
	rootObject = 72CC53201EDFD97F0050B50C /* Project object */;
}
